// !$*UTF8*$!
{
	archiveVersion = 1;
	classes = {
	};
	objectVersion = 51;
	objects = {

/* Begin PBXBuildFile section */
		4C2DE6AB220806EBB9AEC89C /* Pods_iOSPokedex.framework in Frameworks */ = {isa = PBXBuildFile; fileRef = CE7EEA22FAB922267A6A693E /* Pods_iOSPokedex.framework */; };
		AF0F671325D3503300680D11 /* iOSPokedexDomain.framework in Frameworks */ = {isa = PBXBuildFile; fileRef = AF0F670A25D3503300680D11 /* iOSPokedexDomain.framework */; };
		AF0F671F25D3503300680D11 /* iOSPokedexDomain.framework in Frameworks */ = {isa = PBXBuildFile; fileRef = AF0F670A25D3503300680D11 /* iOSPokedexDomain.framework */; };
		AF0F672025D3503300680D11 /* iOSPokedexDomain.framework in Embed Frameworks */ = {isa = PBXBuildFile; fileRef = AF0F670A25D3503300680D11 /* iOSPokedexDomain.framework */; settings = {ATTRIBUTES = (CodeSignOnCopy, RemoveHeadersOnCopy, ); }; };
		AF0F672E25D3508900680D11 /* iOSPokedexDomainTests.swift in Sources */ = {isa = PBXBuildFile; fileRef = AF0F672C25D3508900680D11 /* iOSPokedexDomainTests.swift */; };
		AF0F672F25D3508900680D11 /* Info.plist in Resources */ = {isa = PBXBuildFile; fileRef = AF0F672D25D3508900680D11 /* Info.plist */; };
		AF3BB98C25C38169002207D9 /* Coordinator.swift in Sources */ = {isa = PBXBuildFile; fileRef = AF3BB98B25C38169002207D9 /* Coordinator.swift */; };
		AF3BB99325C382C6002207D9 /* ViewCodeConfiguration.swift in Sources */ = {isa = PBXBuildFile; fileRef = AF3BB99225C382C6002207D9 /* ViewCodeConfiguration.swift */; };
		AF3BB99825C38333002207D9 /* UIViewController+.swift in Sources */ = {isa = PBXBuildFile; fileRef = AF3BB99725C38333002207D9 /* UIViewController+.swift */; };
		AF3BB9A025C3A07F002207D9 /* HomeViewController.swift in Sources */ = {isa = PBXBuildFile; fileRef = AF3BB99F25C3A07F002207D9 /* HomeViewController.swift */; };
		AF3BB9A825C3A74E002207D9 /* 22892-pikachu.json in Resources */ = {isa = PBXBuildFile; fileRef = AF3BB9A725C3A74E002207D9 /* 22892-pikachu.json */; };
		AF4481B225C64DE300997544 /* PokemonCollectionViewCell.swift in Sources */ = {isa = PBXBuildFile; fileRef = AF4481B125C64DE300997544 /* PokemonCollectionViewCell.swift */; };
		AF4481B925C6578300997544 /* Pokemon.swift in Sources */ = {isa = PBXBuildFile; fileRef = AF4481B825C6578300997544 /* Pokemon.swift */; };
		AF4481BB25C657BF00997544 /* Model.swift in Sources */ = {isa = PBXBuildFile; fileRef = AF4481BA25C657BF00997544 /* Model.swift */; };
		AF4752F325C78687005718CA /* HttpError.swift in Sources */ = {isa = PBXBuildFile; fileRef = AF4752F225C78687005718CA /* HttpError.swift */; };
		AF4752F625C786CD005718CA /* Data+.swift in Sources */ = {isa = PBXBuildFile; fileRef = AF4752F525C786CD005718CA /* Data+.swift */; };
		AF4752F825C78ACF005718CA /* HttpGetClient.swift in Sources */ = {isa = PBXBuildFile; fileRef = AF4752F725C78ACF005718CA /* HttpGetClient.swift */; };
		AF4752FC25C78D58005718CA /* AlamofireAdapter.swift in Sources */ = {isa = PBXBuildFile; fileRef = AF4752FB25C78D58005718CA /* AlamofireAdapter.swift */; };
		AF7495BD25D3526000DAA761 /* iOSPokedexInfrastructure.framework in Frameworks */ = {isa = PBXBuildFile; fileRef = AF7495B425D3526000DAA761 /* iOSPokedexInfrastructure.framework */; };
		AF7495C425D3526000DAA761 /* iOSPokedexInfrastructureTests.swift in Sources */ = {isa = PBXBuildFile; fileRef = AF7495C325D3526000DAA761 /* iOSPokedexInfrastructureTests.swift */; };
		AF7495C625D3526000DAA761 /* iOSPokedexInfrastructure.h in Headers */ = {isa = PBXBuildFile; fileRef = AF7495B625D3526000DAA761 /* iOSPokedexInfrastructure.h */; settings = {ATTRIBUTES = (Public, ); }; };
		AF7495C925D3526000DAA761 /* iOSPokedexInfrastructure.framework in Frameworks */ = {isa = PBXBuildFile; fileRef = AF7495B425D3526000DAA761 /* iOSPokedexInfrastructure.framework */; };
		AF7495CA25D3526000DAA761 /* iOSPokedexInfrastructure.framework in Embed Frameworks */ = {isa = PBXBuildFile; fileRef = AF7495B425D3526000DAA761 /* iOSPokedexInfrastructure.framework */; settings = {ATTRIBUTES = (CodeSignOnCopy, RemoveHeadersOnCopy, ); }; };
		AF7495EB25D3530D00DAA761 /* iOSPokedexApplication.framework in Frameworks */ = {isa = PBXBuildFile; fileRef = AF7495E225D3530D00DAA761 /* iOSPokedexApplication.framework */; };
		AF7495F225D3530D00DAA761 /* iOSPokedexApplicationTests.swift in Sources */ = {isa = PBXBuildFile; fileRef = AF7495F125D3530D00DAA761 /* iOSPokedexApplicationTests.swift */; };
		AF7495F425D3530D00DAA761 /* iOSPokedexApplication.h in Headers */ = {isa = PBXBuildFile; fileRef = AF7495E425D3530D00DAA761 /* iOSPokedexApplication.h */; settings = {ATTRIBUTES = (Public, ); }; };
		AF7495F725D3530D00DAA761 /* iOSPokedexApplication.framework in Frameworks */ = {isa = PBXBuildFile; fileRef = AF7495E225D3530D00DAA761 /* iOSPokedexApplication.framework */; };
		AF7495F825D3530D00DAA761 /* iOSPokedexApplication.framework in Embed Frameworks */ = {isa = PBXBuildFile; fileRef = AF7495E225D3530D00DAA761 /* iOSPokedexApplication.framework */; settings = {ATTRIBUTES = (CodeSignOnCopy, RemoveHeadersOnCopy, ); }; };
		AF942E1A25912C0A00CE7010 /* AppDelegate.swift in Sources */ = {isa = PBXBuildFile; fileRef = AF942E1925912C0A00CE7010 /* AppDelegate.swift */; };
		AF942E1E25912C0A00CE7010 /* LaunchScreenViewController.swift in Sources */ = {isa = PBXBuildFile; fileRef = AF942E1D25912C0A00CE7010 /* LaunchScreenViewController.swift */; };
		AF942E2325912C0B00CE7010 /* Assets.xcassets in Resources */ = {isa = PBXBuildFile; fileRef = AF942E2225912C0B00CE7010 /* Assets.xcassets */; };
		AF942E2625912C0B00CE7010 /* LaunchScreen.storyboard in Resources */ = {isa = PBXBuildFile; fileRef = AF942E2425912C0B00CE7010 /* LaunchScreen.storyboard */; };
/* End PBXBuildFile section */

/* Begin PBXContainerItemProxy section */
		AF0F671425D3503300680D11 /* PBXContainerItemProxy */ = {
			isa = PBXContainerItemProxy;
			containerPortal = AF942E0E25912C0A00CE7010 /* Project object */;
			proxyType = 1;
			remoteGlobalIDString = AF0F670925D3503300680D11;
			remoteInfo = iOSPokedexDomain;
		};
		AF0F671625D3503300680D11 /* PBXContainerItemProxy */ = {
			isa = PBXContainerItemProxy;
			containerPortal = AF942E0E25912C0A00CE7010 /* Project object */;
			proxyType = 1;
			remoteGlobalIDString = AF942E1525912C0A00CE7010;
			remoteInfo = iOSPokedex;
		};
		AF0F671D25D3503300680D11 /* PBXContainerItemProxy */ = {
			isa = PBXContainerItemProxy;
			containerPortal = AF942E0E25912C0A00CE7010 /* Project object */;
			proxyType = 1;
			remoteGlobalIDString = AF0F670925D3503300680D11;
			remoteInfo = iOSPokedexDomain;
		};
		AF7495BE25D3526000DAA761 /* PBXContainerItemProxy */ = {
			isa = PBXContainerItemProxy;
			containerPortal = AF942E0E25912C0A00CE7010 /* Project object */;
			proxyType = 1;
			remoteGlobalIDString = AF7495B325D3526000DAA761;
			remoteInfo = iOSPokedexInfrastructure;
		};
		AF7495C025D3526000DAA761 /* PBXContainerItemProxy */ = {
			isa = PBXContainerItemProxy;
			containerPortal = AF942E0E25912C0A00CE7010 /* Project object */;
			proxyType = 1;
			remoteGlobalIDString = AF942E1525912C0A00CE7010;
			remoteInfo = iOSPokedex;
		};
		AF7495C725D3526000DAA761 /* PBXContainerItemProxy */ = {
			isa = PBXContainerItemProxy;
			containerPortal = AF942E0E25912C0A00CE7010 /* Project object */;
			proxyType = 1;
			remoteGlobalIDString = AF7495B325D3526000DAA761;
			remoteInfo = iOSPokedexInfrastructure;
		};
		AF7495EC25D3530D00DAA761 /* PBXContainerItemProxy */ = {
			isa = PBXContainerItemProxy;
			containerPortal = AF942E0E25912C0A00CE7010 /* Project object */;
			proxyType = 1;
			remoteGlobalIDString = AF7495E125D3530D00DAA761;
			remoteInfo = iOSPokedexApplication;
		};
		AF7495EE25D3530D00DAA761 /* PBXContainerItemProxy */ = {
			isa = PBXContainerItemProxy;
			containerPortal = AF942E0E25912C0A00CE7010 /* Project object */;
			proxyType = 1;
			remoteGlobalIDString = AF942E1525912C0A00CE7010;
			remoteInfo = iOSPokedex;
		};
		AF7495F525D3530D00DAA761 /* PBXContainerItemProxy */ = {
			isa = PBXContainerItemProxy;
			containerPortal = AF942E0E25912C0A00CE7010 /* Project object */;
			proxyType = 1;
			remoteGlobalIDString = AF7495E125D3530D00DAA761;
			remoteInfo = iOSPokedexApplication;
		};
/* End PBXContainerItemProxy section */

/* Begin PBXCopyFilesBuildPhase section */
		AF3BB9D325C3B406002207D9 /* Embed Frameworks */ = {
			isa = PBXCopyFilesBuildPhase;
			buildActionMask = 2147483647;
			dstPath = "";
			dstSubfolderSpec = 10;
			files = (
				AF7495CA25D3526000DAA761 /* iOSPokedexInfrastructure.framework in Embed Frameworks */,
				AF0F672025D3503300680D11 /* iOSPokedexDomain.framework in Embed Frameworks */,
				AF7495F825D3530D00DAA761 /* iOSPokedexApplication.framework in Embed Frameworks */,
			);
			name = "Embed Frameworks";
			runOnlyForDeploymentPostprocessing = 0;
		};
/* End PBXCopyFilesBuildPhase section */

/* Begin PBXFileReference section */
		7213635F7CE89D8B9482DAB0 /* Pods-iOSPokedex.release.xcconfig */ = {isa = PBXFileReference; includeInIndex = 1; lastKnownFileType = text.xcconfig; name = "Pods-iOSPokedex.release.xcconfig"; path = "Target Support Files/Pods-iOSPokedex/Pods-iOSPokedex.release.xcconfig"; sourceTree = "<group>"; };
		AE0E0CAEE21273CEB07BEDCC /* Pods-iOSPokedex.debug.xcconfig */ = {isa = PBXFileReference; includeInIndex = 1; lastKnownFileType = text.xcconfig; name = "Pods-iOSPokedex.debug.xcconfig"; path = "Target Support Files/Pods-iOSPokedex/Pods-iOSPokedex.debug.xcconfig"; sourceTree = "<group>"; };
		AF0F670A25D3503300680D11 /* iOSPokedexDomain.framework */ = {isa = PBXFileReference; explicitFileType = wrapper.framework; includeInIndex = 0; path = iOSPokedexDomain.framework; sourceTree = BUILT_PRODUCTS_DIR; };
		AF0F670D25D3503300680D11 /* Info.plist */ = {isa = PBXFileReference; lastKnownFileType = text.plist.xml; path = Info.plist; sourceTree = "<group>"; };
		AF0F671225D3503300680D11 /* iOSPokedexDomainTests.xctest */ = {isa = PBXFileReference; explicitFileType = wrapper.cfbundle; includeInIndex = 0; path = iOSPokedexDomainTests.xctest; sourceTree = BUILT_PRODUCTS_DIR; };
		AF0F672C25D3508900680D11 /* iOSPokedexDomainTests.swift */ = {isa = PBXFileReference; fileEncoding = 4; lastKnownFileType = sourcecode.swift; path = iOSPokedexDomainTests.swift; sourceTree = "<group>"; };
		AF0F672D25D3508900680D11 /* Info.plist */ = {isa = PBXFileReference; fileEncoding = 4; lastKnownFileType = text.plist.xml; path = Info.plist; sourceTree = "<group>"; };
		AF3BB98B25C38169002207D9 /* Coordinator.swift */ = {isa = PBXFileReference; lastKnownFileType = sourcecode.swift; path = Coordinator.swift; sourceTree = "<group>"; };
		AF3BB99225C382C6002207D9 /* ViewCodeConfiguration.swift */ = {isa = PBXFileReference; lastKnownFileType = sourcecode.swift; path = ViewCodeConfiguration.swift; sourceTree = "<group>"; };
		AF3BB99725C38333002207D9 /* UIViewController+.swift */ = {isa = PBXFileReference; lastKnownFileType = sourcecode.swift; path = "UIViewController+.swift"; sourceTree = "<group>"; };
		AF3BB99F25C3A07F002207D9 /* HomeViewController.swift */ = {isa = PBXFileReference; lastKnownFileType = sourcecode.swift; path = HomeViewController.swift; sourceTree = "<group>"; };
		AF3BB9A725C3A74E002207D9 /* 22892-pikachu.json */ = {isa = PBXFileReference; fileEncoding = 4; lastKnownFileType = text.json; path = "22892-pikachu.json"; sourceTree = "<group>"; };
		AF4481B125C64DE300997544 /* PokemonCollectionViewCell.swift */ = {isa = PBXFileReference; lastKnownFileType = sourcecode.swift; path = PokemonCollectionViewCell.swift; sourceTree = "<group>"; };
		AF4481B825C6578300997544 /* Pokemon.swift */ = {isa = PBXFileReference; lastKnownFileType = sourcecode.swift; path = Pokemon.swift; sourceTree = "<group>"; };
		AF4481BA25C657BF00997544 /* Model.swift */ = {isa = PBXFileReference; lastKnownFileType = sourcecode.swift; path = Model.swift; sourceTree = "<group>"; };
		AF4752F225C78687005718CA /* HttpError.swift */ = {isa = PBXFileReference; lastKnownFileType = sourcecode.swift; path = HttpError.swift; sourceTree = "<group>"; };
		AF4752F525C786CD005718CA /* Data+.swift */ = {isa = PBXFileReference; lastKnownFileType = sourcecode.swift; path = "Data+.swift"; sourceTree = "<group>"; };
		AF4752F725C78ACF005718CA /* HttpGetClient.swift */ = {isa = PBXFileReference; lastKnownFileType = sourcecode.swift; path = HttpGetClient.swift; sourceTree = "<group>"; };
		AF4752FB25C78D58005718CA /* AlamofireAdapter.swift */ = {isa = PBXFileReference; lastKnownFileType = sourcecode.swift; path = AlamofireAdapter.swift; sourceTree = "<group>"; };
		AF7495B425D3526000DAA761 /* iOSPokedexInfrastructure.framework */ = {isa = PBXFileReference; explicitFileType = wrapper.framework; includeInIndex = 0; path = iOSPokedexInfrastructure.framework; sourceTree = BUILT_PRODUCTS_DIR; };
		AF7495B625D3526000DAA761 /* iOSPokedexInfrastructure.h */ = {isa = PBXFileReference; lastKnownFileType = sourcecode.c.h; path = iOSPokedexInfrastructure.h; sourceTree = "<group>"; };
		AF7495B725D3526000DAA761 /* Info.plist */ = {isa = PBXFileReference; lastKnownFileType = text.plist.xml; path = Info.plist; sourceTree = "<group>"; };
		AF7495BC25D3526000DAA761 /* iOSPokedexInfrastructureTests.xctest */ = {isa = PBXFileReference; explicitFileType = wrapper.cfbundle; includeInIndex = 0; path = iOSPokedexInfrastructureTests.xctest; sourceTree = BUILT_PRODUCTS_DIR; };
		AF7495C325D3526000DAA761 /* iOSPokedexInfrastructureTests.swift */ = {isa = PBXFileReference; lastKnownFileType = sourcecode.swift; path = iOSPokedexInfrastructureTests.swift; sourceTree = "<group>"; };
		AF7495C525D3526000DAA761 /* Info.plist */ = {isa = PBXFileReference; lastKnownFileType = text.plist.xml; path = Info.plist; sourceTree = "<group>"; };
		AF7495E225D3530D00DAA761 /* iOSPokedexApplication.framework */ = {isa = PBXFileReference; explicitFileType = wrapper.framework; includeInIndex = 0; path = iOSPokedexApplication.framework; sourceTree = BUILT_PRODUCTS_DIR; };
		AF7495E425D3530D00DAA761 /* iOSPokedexApplication.h */ = {isa = PBXFileReference; lastKnownFileType = sourcecode.c.h; path = iOSPokedexApplication.h; sourceTree = "<group>"; };
		AF7495E525D3530D00DAA761 /* Info.plist */ = {isa = PBXFileReference; lastKnownFileType = text.plist.xml; path = Info.plist; sourceTree = "<group>"; };
		AF7495EA25D3530D00DAA761 /* iOSPokedexApplicationTests.xctest */ = {isa = PBXFileReference; explicitFileType = wrapper.cfbundle; includeInIndex = 0; path = iOSPokedexApplicationTests.xctest; sourceTree = BUILT_PRODUCTS_DIR; };
		AF7495F125D3530D00DAA761 /* iOSPokedexApplicationTests.swift */ = {isa = PBXFileReference; lastKnownFileType = sourcecode.swift; path = iOSPokedexApplicationTests.swift; sourceTree = "<group>"; };
		AF7495F325D3530D00DAA761 /* Info.plist */ = {isa = PBXFileReference; lastKnownFileType = text.plist.xml; path = Info.plist; sourceTree = "<group>"; };
		AF942E1625912C0A00CE7010 /* iOSPokedex.app */ = {isa = PBXFileReference; explicitFileType = wrapper.application; includeInIndex = 0; path = iOSPokedex.app; sourceTree = BUILT_PRODUCTS_DIR; };
		AF942E1925912C0A00CE7010 /* AppDelegate.swift */ = {isa = PBXFileReference; lastKnownFileType = sourcecode.swift; path = AppDelegate.swift; sourceTree = "<group>"; };
		AF942E1D25912C0A00CE7010 /* LaunchScreenViewController.swift */ = {isa = PBXFileReference; lastKnownFileType = sourcecode.swift; path = LaunchScreenViewController.swift; sourceTree = "<group>"; };
		AF942E2225912C0B00CE7010 /* Assets.xcassets */ = {isa = PBXFileReference; lastKnownFileType = folder.assetcatalog; path = Assets.xcassets; sourceTree = "<group>"; };
		AF942E2525912C0B00CE7010 /* Base */ = {isa = PBXFileReference; lastKnownFileType = file.storyboard; name = Base; path = Base.lproj/LaunchScreen.storyboard; sourceTree = "<group>"; };
		AF942E2725912C0B00CE7010 /* Info.plist */ = {isa = PBXFileReference; lastKnownFileType = text.plist.xml; path = Info.plist; sourceTree = "<group>"; };
		CE7EEA22FAB922267A6A693E /* Pods_iOSPokedex.framework */ = {isa = PBXFileReference; explicitFileType = wrapper.framework; includeInIndex = 0; path = Pods_iOSPokedex.framework; sourceTree = BUILT_PRODUCTS_DIR; };
/* End PBXFileReference section */

/* Begin PBXFrameworksBuildPhase section */
		AF0F670725D3503300680D11 /* Frameworks */ = {
			isa = PBXFrameworksBuildPhase;
			buildActionMask = 2147483647;
			files = (
			);
			runOnlyForDeploymentPostprocessing = 0;
		};
		AF0F670F25D3503300680D11 /* Frameworks */ = {
			isa = PBXFrameworksBuildPhase;
			buildActionMask = 2147483647;
			files = (
				AF0F671325D3503300680D11 /* iOSPokedexDomain.framework in Frameworks */,
			);
			runOnlyForDeploymentPostprocessing = 0;
		};
		AF7495B125D3526000DAA761 /* Frameworks */ = {
			isa = PBXFrameworksBuildPhase;
			buildActionMask = 2147483647;
			files = (
			);
			runOnlyForDeploymentPostprocessing = 0;
		};
		AF7495B925D3526000DAA761 /* Frameworks */ = {
			isa = PBXFrameworksBuildPhase;
			buildActionMask = 2147483647;
			files = (
				AF7495BD25D3526000DAA761 /* iOSPokedexInfrastructure.framework in Frameworks */,
			);
			runOnlyForDeploymentPostprocessing = 0;
		};
		AF7495DF25D3530D00DAA761 /* Frameworks */ = {
			isa = PBXFrameworksBuildPhase;
			buildActionMask = 2147483647;
			files = (
			);
			runOnlyForDeploymentPostprocessing = 0;
		};
		AF7495E725D3530D00DAA761 /* Frameworks */ = {
			isa = PBXFrameworksBuildPhase;
			buildActionMask = 2147483647;
			files = (
				AF7495EB25D3530D00DAA761 /* iOSPokedexApplication.framework in Frameworks */,
			);
			runOnlyForDeploymentPostprocessing = 0;
		};
		AF942E1325912C0A00CE7010 /* Frameworks */ = {
			isa = PBXFrameworksBuildPhase;
			buildActionMask = 2147483647;
			files = (
				AF7495C925D3526000DAA761 /* iOSPokedexInfrastructure.framework in Frameworks */,
				4C2DE6AB220806EBB9AEC89C /* Pods_iOSPokedex.framework in Frameworks */,
				AF7495F725D3530D00DAA761 /* iOSPokedexApplication.framework in Frameworks */,
				AF0F671F25D3503300680D11 /* iOSPokedexDomain.framework in Frameworks */,
			);
			runOnlyForDeploymentPostprocessing = 0;
		};
/* End PBXFrameworksBuildPhase section */

/* Begin PBXGroup section */
		6667C199BC5C3D132A495815 /* Pods */ = {
			isa = PBXGroup;
			children = (
				AE0E0CAEE21273CEB07BEDCC /* Pods-iOSPokedex.debug.xcconfig */,
				7213635F7CE89D8B9482DAB0 /* Pods-iOSPokedex.release.xcconfig */,
			);
			path = Pods;
			sourceTree = "<group>";
		};
		A468E1AC32602D16A9D47707 /* Frameworks */ = {
			isa = PBXGroup;
			children = (
				CE7EEA22FAB922267A6A693E /* Pods_iOSPokedex.framework */,
			);
			name = Frameworks;
			sourceTree = "<group>";
		};
		AF0F670B25D3503300680D11 /* iOSPokedexDomain */ = {
			isa = PBXGroup;
			children = (
				AF0F670D25D3503300680D11 /* Info.plist */,
			);
			path = iOSPokedexDomain;
			sourceTree = "<group>";
		};
		AF0F672B25D3508900680D11 /* iOSPokedexDomainTests */ = {
			isa = PBXGroup;
			children = (
				AF0F672C25D3508900680D11 /* iOSPokedexDomainTests.swift */,
				AF0F672D25D3508900680D11 /* Info.plist */,
			);
			path = iOSPokedexDomainTests;
			sourceTree = "<group>";
		};
		AF3BB98725C380BE002207D9 /* Resources */ = {
			isa = PBXGroup;
			children = (
				AF942E1925912C0A00CE7010 /* AppDelegate.swift */,
				AF942E2225912C0B00CE7010 /* Assets.xcassets */,
				AF942E2425912C0B00CE7010 /* LaunchScreen.storyboard */,
				AF942E1D25912C0A00CE7010 /* LaunchScreenViewController.swift */,
				AF3BB9A725C3A74E002207D9 /* 22892-pikachu.json */,
				AF942E2725912C0B00CE7010 /* Info.plist */,
			);
			name = Resources;
			sourceTree = "<group>";
		};
		AF3BB98A25C38151002207D9 /* Coordinator */ = {
			isa = PBXGroup;
			children = (
				AF3BB98B25C38169002207D9 /* Coordinator.swift */,
			);
			name = Coordinator;
			sourceTree = "<group>";
		};
		AF3BB98F25C38226002207D9 /* Model */ = {
			isa = PBXGroup;
			children = (
				AF4481B825C6578300997544 /* Pokemon.swift */,
				AF4481BA25C657BF00997544 /* Model.swift */,
			);
			name = Model;
			sourceTree = "<group>";
		};
		AF3BB99025C3822E002207D9 /* View */ = {
			isa = PBXGroup;
			children = (
				AF3BB99E25C3A075002207D9 /* HomeView */,
				AF3BB99225C382C6002207D9 /* ViewCodeConfiguration.swift */,
			);
			name = View;
			sourceTree = "<group>";
		};
		AF3BB99125C38233002207D9 /* ViewModel */ = {
			isa = PBXGroup;
			children = (
			);
			name = ViewModel;
			sourceTree = "<group>";
		};
		AF3BB99625C38300002207D9 /* Extensions */ = {
			isa = PBXGroup;
			children = (
				AF3BB99725C38333002207D9 /* UIViewController+.swift */,
				AF4752F525C786CD005718CA /* Data+.swift */,
			);
			name = Extensions;
			sourceTree = "<group>";
		};
		AF3BB99E25C3A075002207D9 /* HomeView */ = {
			isa = PBXGroup;
			children = (
				AF3BB99F25C3A07F002207D9 /* HomeViewController.swift */,
				AF4481B125C64DE300997544 /* PokemonCollectionViewCell.swift */,
			);
			name = HomeView;
			sourceTree = "<group>";
		};
		AF4752F125C78671005718CA /* Networking */ = {
			isa = PBXGroup;
			children = (
				AF4752FA25C78D50005718CA /* Adapters */,
				AF4752F925C78C17005718CA /* Http */,
			);
			name = Networking;
			sourceTree = "<group>";
		};
		AF4752F925C78C17005718CA /* Http */ = {
			isa = PBXGroup;
			children = (
				AF4752F225C78687005718CA /* HttpError.swift */,
				AF4752F725C78ACF005718CA /* HttpGetClient.swift */,
			);
			name = Http;
			sourceTree = "<group>";
		};
		AF4752FA25C78D50005718CA /* Adapters */ = {
			isa = PBXGroup;
			children = (
				AF4752FB25C78D58005718CA /* AlamofireAdapter.swift */,
			);
			name = Adapters;
			sourceTree = "<group>";
		};
		AF7495B525D3526000DAA761 /* iOSPokedexInfrastructure */ = {
			isa = PBXGroup;
			children = (
				AF7495B625D3526000DAA761 /* iOSPokedexInfrastructure.h */,
				AF7495B725D3526000DAA761 /* Info.plist */,
			);
			path = iOSPokedexInfrastructure;
			sourceTree = "<group>";
		};
		AF7495C225D3526000DAA761 /* iOSPokedexInfrastructureTests */ = {
			isa = PBXGroup;
			children = (
				AF7495C325D3526000DAA761 /* iOSPokedexInfrastructureTests.swift */,
				AF7495C525D3526000DAA761 /* Info.plist */,
			);
			path = iOSPokedexInfrastructureTests;
			sourceTree = "<group>";
		};
		AF7495E325D3530D00DAA761 /* iOSPokedexApplication */ = {
			isa = PBXGroup;
			children = (
				AF7495E425D3530D00DAA761 /* iOSPokedexApplication.h */,
				AF7495E525D3530D00DAA761 /* Info.plist */,
			);
			path = iOSPokedexApplication;
			sourceTree = "<group>";
		};
		AF7495F025D3530D00DAA761 /* iOSPokedexApplicationTests */ = {
			isa = PBXGroup;
			children = (
				AF7495F125D3530D00DAA761 /* iOSPokedexApplicationTests.swift */,
				AF7495F325D3530D00DAA761 /* Info.plist */,
			);
			path = iOSPokedexApplicationTests;
			sourceTree = "<group>";
		};
		AF942E0D25912C0A00CE7010 = {
			isa = PBXGroup;
			children = (
				AF942E1825912C0A00CE7010 /* iOSPokedex */,
				AF0F670B25D3503300680D11 /* iOSPokedexDomain */,
				AF0F672B25D3508900680D11 /* iOSPokedexDomainTests */,
				AF7495B525D3526000DAA761 /* iOSPokedexInfrastructure */,
				AF7495C225D3526000DAA761 /* iOSPokedexInfrastructureTests */,
				AF7495E325D3530D00DAA761 /* iOSPokedexApplication */,
				AF7495F025D3530D00DAA761 /* iOSPokedexApplicationTests */,
				AF942E1725912C0A00CE7010 /* Products */,
				6667C199BC5C3D132A495815 /* Pods */,
				A468E1AC32602D16A9D47707 /* Frameworks */,
			);
			sourceTree = "<group>";
		};
		AF942E1725912C0A00CE7010 /* Products */ = {
			isa = PBXGroup;
			children = (
				AF942E1625912C0A00CE7010 /* iOSPokedex.app */,
				AF0F670A25D3503300680D11 /* iOSPokedexDomain.framework */,
				AF0F671225D3503300680D11 /* iOSPokedexDomainTests.xctest */,
				AF7495B425D3526000DAA761 /* iOSPokedexInfrastructure.framework */,
				AF7495BC25D3526000DAA761 /* iOSPokedexInfrastructureTests.xctest */,
				AF7495E225D3530D00DAA761 /* iOSPokedexApplication.framework */,
				AF7495EA25D3530D00DAA761 /* iOSPokedexApplicationTests.xctest */,
			);
			name = Products;
			sourceTree = "<group>";
		};
		AF942E1825912C0A00CE7010 /* iOSPokedex */ = {
			isa = PBXGroup;
			children = (
				AF3BB99125C38233002207D9 /* ViewModel */,
				AF3BB99025C3822E002207D9 /* View */,
				AF3BB98F25C38226002207D9 /* Model */,
				AF3BB99625C38300002207D9 /* Extensions */,
				AF3BB98A25C38151002207D9 /* Coordinator */,
				AF4752F125C78671005718CA /* Networking */,
				AF3BB98725C380BE002207D9 /* Resources */,
			);
			path = iOSPokedex;
			sourceTree = "<group>";
		};
/* End PBXGroup section */

/* Begin PBXHeadersBuildPhase section */
		AF0F670525D3503300680D11 /* Headers */ = {
			isa = PBXHeadersBuildPhase;
			buildActionMask = 2147483647;
			files = (
			);
			runOnlyForDeploymentPostprocessing = 0;
		};
		AF7495AF25D3526000DAA761 /* Headers */ = {
			isa = PBXHeadersBuildPhase;
			buildActionMask = 2147483647;
			files = (
				AF7495C625D3526000DAA761 /* iOSPokedexInfrastructure.h in Headers */,
			);
			runOnlyForDeploymentPostprocessing = 0;
		};
		AF7495DD25D3530D00DAA761 /* Headers */ = {
			isa = PBXHeadersBuildPhase;
			buildActionMask = 2147483647;
			files = (
				AF7495F425D3530D00DAA761 /* iOSPokedexApplication.h in Headers */,
			);
			runOnlyForDeploymentPostprocessing = 0;
		};
/* End PBXHeadersBuildPhase section */

/* Begin PBXNativeTarget section */
		AF0F670925D3503300680D11 /* iOSPokedexDomain */ = {
			isa = PBXNativeTarget;
			buildConfigurationList = AF0F672525D3503300680D11 /* Build configuration list for PBXNativeTarget "iOSPokedexDomain" */;
			buildPhases = (
				AF0F670525D3503300680D11 /* Headers */,
				AF0F670625D3503300680D11 /* Sources */,
				AF0F670725D3503300680D11 /* Frameworks */,
				AF0F670825D3503300680D11 /* Resources */,
			);
			buildRules = (
			);
			dependencies = (
			);
			name = iOSPokedexDomain;
			productName = iOSPokedexDomain;
			productReference = AF0F670A25D3503300680D11 /* iOSPokedexDomain.framework */;
			productType = "com.apple.product-type.framework";
		};
		AF0F671125D3503300680D11 /* iOSPokedexDomainTests */ = {
			isa = PBXNativeTarget;
			buildConfigurationList = AF0F672625D3503300680D11 /* Build configuration list for PBXNativeTarget "iOSPokedexDomainTests" */;
			buildPhases = (
				AF0F670E25D3503300680D11 /* Sources */,
				AF0F670F25D3503300680D11 /* Frameworks */,
				AF0F671025D3503300680D11 /* Resources */,
			);
			buildRules = (
			);
			dependencies = (
				AF0F671525D3503300680D11 /* PBXTargetDependency */,
				AF0F671725D3503300680D11 /* PBXTargetDependency */,
			);
			name = iOSPokedexDomainTests;
			productName = iOSPokedexDomainTests;
			productReference = AF0F671225D3503300680D11 /* iOSPokedexDomainTests.xctest */;
			productType = "com.apple.product-type.bundle.unit-test";
		};
		AF7495B325D3526000DAA761 /* iOSPokedexInfrastructure */ = {
			isa = PBXNativeTarget;
			buildConfigurationList = AF7495CF25D3526000DAA761 /* Build configuration list for PBXNativeTarget "iOSPokedexInfrastructure" */;
			buildPhases = (
				AF7495AF25D3526000DAA761 /* Headers */,
				AF7495B025D3526000DAA761 /* Sources */,
				AF7495B125D3526000DAA761 /* Frameworks */,
				AF7495B225D3526000DAA761 /* Resources */,
			);
			buildRules = (
			);
			dependencies = (
			);
			name = iOSPokedexInfrastructure;
			productName = iOSPokedexInfrastructure;
			productReference = AF7495B425D3526000DAA761 /* iOSPokedexInfrastructure.framework */;
			productType = "com.apple.product-type.framework";
		};
		AF7495BB25D3526000DAA761 /* iOSPokedexInfrastructureTests */ = {
			isa = PBXNativeTarget;
			buildConfigurationList = AF7495D025D3526000DAA761 /* Build configuration list for PBXNativeTarget "iOSPokedexInfrastructureTests" */;
			buildPhases = (
				AF7495B825D3526000DAA761 /* Sources */,
				AF7495B925D3526000DAA761 /* Frameworks */,
				AF7495BA25D3526000DAA761 /* Resources */,
			);
			buildRules = (
			);
			dependencies = (
				AF7495BF25D3526000DAA761 /* PBXTargetDependency */,
				AF7495C125D3526000DAA761 /* PBXTargetDependency */,
			);
			name = iOSPokedexInfrastructureTests;
			productName = iOSPokedexInfrastructureTests;
			productReference = AF7495BC25D3526000DAA761 /* iOSPokedexInfrastructureTests.xctest */;
			productType = "com.apple.product-type.bundle.unit-test";
		};
		AF7495E125D3530D00DAA761 /* iOSPokedexApplication */ = {
			isa = PBXNativeTarget;
			buildConfigurationList = AF7495F925D3530D00DAA761 /* Build configuration list for PBXNativeTarget "iOSPokedexApplication" */;
			buildPhases = (
				AF7495DD25D3530D00DAA761 /* Headers */,
				AF7495DE25D3530D00DAA761 /* Sources */,
				AF7495DF25D3530D00DAA761 /* Frameworks */,
				AF7495E025D3530D00DAA761 /* Resources */,
			);
			buildRules = (
			);
			dependencies = (
			);
			name = iOSPokedexApplication;
			productName = iOSPokedexApplication;
			productReference = AF7495E225D3530D00DAA761 /* iOSPokedexApplication.framework */;
			productType = "com.apple.product-type.framework";
		};
		AF7495E925D3530D00DAA761 /* iOSPokedexApplicationTests */ = {
			isa = PBXNativeTarget;
			buildConfigurationList = AF7495FC25D3530D00DAA761 /* Build configuration list for PBXNativeTarget "iOSPokedexApplicationTests" */;
			buildPhases = (
				AF7495E625D3530D00DAA761 /* Sources */,
				AF7495E725D3530D00DAA761 /* Frameworks */,
				AF7495E825D3530D00DAA761 /* Resources */,
			);
			buildRules = (
			);
			dependencies = (
				AF7495ED25D3530D00DAA761 /* PBXTargetDependency */,
				AF7495EF25D3530D00DAA761 /* PBXTargetDependency */,
			);
			name = iOSPokedexApplicationTests;
			productName = iOSPokedexApplicationTests;
			productReference = AF7495EA25D3530D00DAA761 /* iOSPokedexApplicationTests.xctest */;
			productType = "com.apple.product-type.bundle.unit-test";
		};
		AF942E1525912C0A00CE7010 /* iOSPokedex */ = {
			isa = PBXNativeTarget;
			buildConfigurationList = AF942E2A25912C0B00CE7010 /* Build configuration list for PBXNativeTarget "iOSPokedex" */;
			buildPhases = (
				C423C1BE0E9396679A73F4D7 /* [CP] Check Pods Manifest.lock */,
				AF942E1225912C0A00CE7010 /* Sources */,
				AF942E1325912C0A00CE7010 /* Frameworks */,
				AF942E1425912C0A00CE7010 /* Resources */,
				AFB0EF8D25C37F3A00CA6196 /* ShellScript */,
				F7377EBA657C1CB5F3E22AB8 /* [CP] Embed Pods Frameworks */,
				AF3BB9D325C3B406002207D9 /* Embed Frameworks */,
			);
			buildRules = (
			);
			dependencies = (
				AF0F671E25D3503300680D11 /* PBXTargetDependency */,
				AF7495C825D3526000DAA761 /* PBXTargetDependency */,
				AF7495F625D3530D00DAA761 /* PBXTargetDependency */,
			);
			name = iOSPokedex;
			productName = iOSPokedex;
			productReference = AF942E1625912C0A00CE7010 /* iOSPokedex.app */;
			productType = "com.apple.product-type.application";
		};
/* End PBXNativeTarget section */

/* Begin PBXProject section */
		AF942E0E25912C0A00CE7010 /* Project object */ = {
			isa = PBXProject;
			attributes = {
				LastSwiftUpdateCheck = 1240;
				LastUpgradeCheck = 1230;
				TargetAttributes = {
					AF0F670925D3503300680D11 = {
						CreatedOnToolsVersion = 12.4;
					};
					AF0F671125D3503300680D11 = {
						CreatedOnToolsVersion = 12.4;
						TestTargetID = AF942E1525912C0A00CE7010;
					};
					AF7495B325D3526000DAA761 = {
						CreatedOnToolsVersion = 12.4;
					};
					AF7495BB25D3526000DAA761 = {
						CreatedOnToolsVersion = 12.4;
						TestTargetID = AF942E1525912C0A00CE7010;
					};
					AF7495E125D3530D00DAA761 = {
						CreatedOnToolsVersion = 12.4;
					};
					AF7495E925D3530D00DAA761 = {
						CreatedOnToolsVersion = 12.4;
						TestTargetID = AF942E1525912C0A00CE7010;
					};
					AF942E1525912C0A00CE7010 = {
						CreatedOnToolsVersion = 12.3;
					};
				};
			};
			buildConfigurationList = AF942E1125912C0A00CE7010 /* Build configuration list for PBXProject "iOSPokedex" */;
			compatibilityVersion = "Xcode 9.3";
			developmentRegion = en;
			hasScannedForEncodings = 0;
			knownRegions = (
				en,
				Base,
			);
			mainGroup = AF942E0D25912C0A00CE7010;
			productRefGroup = AF942E1725912C0A00CE7010 /* Products */;
			projectDirPath = "";
			projectRoot = "";
			targets = (
				AF942E1525912C0A00CE7010 /* iOSPokedex */,
				AF0F670925D3503300680D11 /* iOSPokedexDomain */,
				AF0F671125D3503300680D11 /* iOSPokedexDomainTests */,
				AF7495B325D3526000DAA761 /* iOSPokedexInfrastructure */,
				AF7495BB25D3526000DAA761 /* iOSPokedexInfrastructureTests */,
				AF7495E125D3530D00DAA761 /* iOSPokedexApplication */,
				AF7495E925D3530D00DAA761 /* iOSPokedexApplicationTests */,
			);
		};
/* End PBXProject section */

/* Begin PBXResourcesBuildPhase section */
		AF0F670825D3503300680D11 /* Resources */ = {
			isa = PBXResourcesBuildPhase;
			buildActionMask = 2147483647;
			files = (
			);
			runOnlyForDeploymentPostprocessing = 0;
		};
		AF0F671025D3503300680D11 /* Resources */ = {
			isa = PBXResourcesBuildPhase;
			buildActionMask = 2147483647;
			files = (
			);
			runOnlyForDeploymentPostprocessing = 0;
		};
		AF7495B225D3526000DAA761 /* Resources */ = {
			isa = PBXResourcesBuildPhase;
			buildActionMask = 2147483647;
			files = (
			);
			runOnlyForDeploymentPostprocessing = 0;
		};
		AF7495BA25D3526000DAA761 /* Resources */ = {
			isa = PBXResourcesBuildPhase;
			buildActionMask = 2147483647;
			files = (
			);
			runOnlyForDeploymentPostprocessing = 0;
		};
		AF7495E025D3530D00DAA761 /* Resources */ = {
			isa = PBXResourcesBuildPhase;
			buildActionMask = 2147483647;
			files = (
			);
			runOnlyForDeploymentPostprocessing = 0;
		};
		AF7495E825D3530D00DAA761 /* Resources */ = {
			isa = PBXResourcesBuildPhase;
			buildActionMask = 2147483647;
			files = (
			);
			runOnlyForDeploymentPostprocessing = 0;
		};
		AF942E1425912C0A00CE7010 /* Resources */ = {
			isa = PBXResourcesBuildPhase;
			buildActionMask = 2147483647;
			files = (
				AF0F672F25D3508900680D11 /* Info.plist in Resources */,
				AF942E2625912C0B00CE7010 /* LaunchScreen.storyboard in Resources */,
				AF3BB9A825C3A74E002207D9 /* 22892-pikachu.json in Resources */,
				AF942E2325912C0B00CE7010 /* Assets.xcassets in Resources */,
			);
			runOnlyForDeploymentPostprocessing = 0;
		};
/* End PBXResourcesBuildPhase section */

/* Begin PBXShellScriptBuildPhase section */
		AFB0EF8D25C37F3A00CA6196 /* ShellScript */ = {
			isa = PBXShellScriptBuildPhase;
			buildActionMask = 2147483647;
			files = (
			);
			inputFileListPaths = (
			);
			inputPaths = (
			);
			outputFileListPaths = (
			);
			outputPaths = (
			);
			runOnlyForDeploymentPostprocessing = 0;
			shellPath = /bin/sh;
			shellScript = "# Type a script or drag a script file from your workspace to insert its path.\n\"${PODS_ROOT}/SwiftLint/swiftlint\"\n";
		};
		C423C1BE0E9396679A73F4D7 /* [CP] Check Pods Manifest.lock */ = {
			isa = PBXShellScriptBuildPhase;
			buildActionMask = 2147483647;
			files = (
			);
			inputFileListPaths = (
			);
			inputPaths = (
				"${PODS_PODFILE_DIR_PATH}/Podfile.lock",
				"${PODS_ROOT}/Manifest.lock",
			);
			name = "[CP] Check Pods Manifest.lock";
			outputFileListPaths = (
			);
			outputPaths = (
				"$(DERIVED_FILE_DIR)/Pods-iOSPokedex-checkManifestLockResult.txt",
			);
			runOnlyForDeploymentPostprocessing = 0;
			shellPath = /bin/sh;
			shellScript = "diff \"${PODS_PODFILE_DIR_PATH}/Podfile.lock\" \"${PODS_ROOT}/Manifest.lock\" > /dev/null\nif [ $? != 0 ] ; then\n    # print error to STDERR\n    echo \"error: The sandbox is not in sync with the Podfile.lock. Run 'pod install' or update your CocoaPods installation.\" >&2\n    exit 1\nfi\n# This output is used by Xcode 'outputs' to avoid re-running this script phase.\necho \"SUCCESS\" > \"${SCRIPT_OUTPUT_FILE_0}\"\n";
			showEnvVarsInLog = 0;
		};
		F7377EBA657C1CB5F3E22AB8 /* [CP] Embed Pods Frameworks */ = {
			isa = PBXShellScriptBuildPhase;
			buildActionMask = 2147483647;
			files = (
			);
			inputFileListPaths = (
				"${PODS_ROOT}/Target Support Files/Pods-iOSPokedex/Pods-iOSPokedex-frameworks-${CONFIGURATION}-input-files.xcfilelist",
			);
			name = "[CP] Embed Pods Frameworks";
			outputFileListPaths = (
				"${PODS_ROOT}/Target Support Files/Pods-iOSPokedex/Pods-iOSPokedex-frameworks-${CONFIGURATION}-output-files.xcfilelist",
			);
			runOnlyForDeploymentPostprocessing = 0;
			shellPath = /bin/sh;
			shellScript = "\"${PODS_ROOT}/Target Support Files/Pods-iOSPokedex/Pods-iOSPokedex-frameworks.sh\"\n";
			showEnvVarsInLog = 0;
		};
/* End PBXShellScriptBuildPhase section */

/* Begin PBXSourcesBuildPhase section */
		AF0F670625D3503300680D11 /* Sources */ = {
			isa = PBXSourcesBuildPhase;
			buildActionMask = 2147483647;
			files = (
			);
			runOnlyForDeploymentPostprocessing = 0;
		};
		AF0F670E25D3503300680D11 /* Sources */ = {
			isa = PBXSourcesBuildPhase;
			buildActionMask = 2147483647;
			files = (
			);
			runOnlyForDeploymentPostprocessing = 0;
		};
		AF7495B025D3526000DAA761 /* Sources */ = {
			isa = PBXSourcesBuildPhase;
			buildActionMask = 2147483647;
			files = (
			);
			runOnlyForDeploymentPostprocessing = 0;
		};
		AF7495B825D3526000DAA761 /* Sources */ = {
			isa = PBXSourcesBuildPhase;
			buildActionMask = 2147483647;
			files = (
				AF7495C425D3526000DAA761 /* iOSPokedexInfrastructureTests.swift in Sources */,
			);
			runOnlyForDeploymentPostprocessing = 0;
		};
		AF7495DE25D3530D00DAA761 /* Sources */ = {
			isa = PBXSourcesBuildPhase;
			buildActionMask = 2147483647;
			files = (
			);
			runOnlyForDeploymentPostprocessing = 0;
		};
		AF7495E625D3530D00DAA761 /* Sources */ = {
			isa = PBXSourcesBuildPhase;
			buildActionMask = 2147483647;
			files = (
				AF7495F225D3530D00DAA761 /* iOSPokedexApplicationTests.swift in Sources */,
			);
			runOnlyForDeploymentPostprocessing = 0;
		};
		AF942E1225912C0A00CE7010 /* Sources */ = {
			isa = PBXSourcesBuildPhase;
			buildActionMask = 2147483647;
			files = (
				AF4481BB25C657BF00997544 /* Model.swift in Sources */,
				AF3BB99325C382C6002207D9 /* ViewCodeConfiguration.swift in Sources */,
				AF4752F325C78687005718CA /* HttpError.swift in Sources */,
				AF4481B925C6578300997544 /* Pokemon.swift in Sources */,
				AF0F672E25D3508900680D11 /* iOSPokedexDomainTests.swift in Sources */,
				AF4752FC25C78D58005718CA /* AlamofireAdapter.swift in Sources */,
				AF942E1E25912C0A00CE7010 /* LaunchScreenViewController.swift in Sources */,
				AF3BB99825C38333002207D9 /* UIViewController+.swift in Sources */,
				AF942E1A25912C0A00CE7010 /* AppDelegate.swift in Sources */,
				AF3BB98C25C38169002207D9 /* Coordinator.swift in Sources */,
				AF4481B225C64DE300997544 /* PokemonCollectionViewCell.swift in Sources */,
				AF4752F625C786CD005718CA /* Data+.swift in Sources */,
				AF3BB9A025C3A07F002207D9 /* HomeViewController.swift in Sources */,
				AF4752F825C78ACF005718CA /* HttpGetClient.swift in Sources */,
			);
			runOnlyForDeploymentPostprocessing = 0;
		};
/* End PBXSourcesBuildPhase section */

/* Begin PBXTargetDependency section */
		AF0F671525D3503300680D11 /* PBXTargetDependency */ = {
			isa = PBXTargetDependency;
			target = AF0F670925D3503300680D11 /* iOSPokedexDomain */;
			targetProxy = AF0F671425D3503300680D11 /* PBXContainerItemProxy */;
		};
		AF0F671725D3503300680D11 /* PBXTargetDependency */ = {
			isa = PBXTargetDependency;
			target = AF942E1525912C0A00CE7010 /* iOSPokedex */;
			targetProxy = AF0F671625D3503300680D11 /* PBXContainerItemProxy */;
		};
		AF0F671E25D3503300680D11 /* PBXTargetDependency */ = {
			isa = PBXTargetDependency;
			target = AF0F670925D3503300680D11 /* iOSPokedexDomain */;
			targetProxy = AF0F671D25D3503300680D11 /* PBXContainerItemProxy */;
		};
		AF7495BF25D3526000DAA761 /* PBXTargetDependency */ = {
			isa = PBXTargetDependency;
			target = AF7495B325D3526000DAA761 /* iOSPokedexInfrastructure */;
			targetProxy = AF7495BE25D3526000DAA761 /* PBXContainerItemProxy */;
		};
		AF7495C125D3526000DAA761 /* PBXTargetDependency */ = {
			isa = PBXTargetDependency;
			target = AF942E1525912C0A00CE7010 /* iOSPokedex */;
			targetProxy = AF7495C025D3526000DAA761 /* PBXContainerItemProxy */;
		};
		AF7495C825D3526000DAA761 /* PBXTargetDependency */ = {
			isa = PBXTargetDependency;
			target = AF7495B325D3526000DAA761 /* iOSPokedexInfrastructure */;
			targetProxy = AF7495C725D3526000DAA761 /* PBXContainerItemProxy */;
		};
		AF7495ED25D3530D00DAA761 /* PBXTargetDependency */ = {
			isa = PBXTargetDependency;
			target = AF7495E125D3530D00DAA761 /* iOSPokedexApplication */;
			targetProxy = AF7495EC25D3530D00DAA761 /* PBXContainerItemProxy */;
		};
		AF7495EF25D3530D00DAA761 /* PBXTargetDependency */ = {
			isa = PBXTargetDependency;
			target = AF942E1525912C0A00CE7010 /* iOSPokedex */;
			targetProxy = AF7495EE25D3530D00DAA761 /* PBXContainerItemProxy */;
		};
		AF7495F625D3530D00DAA761 /* PBXTargetDependency */ = {
			isa = PBXTargetDependency;
			target = AF7495E125D3530D00DAA761 /* iOSPokedexApplication */;
			targetProxy = AF7495F525D3530D00DAA761 /* PBXContainerItemProxy */;
		};
/* End PBXTargetDependency section */

/* Begin PBXVariantGroup section */
		AF942E2425912C0B00CE7010 /* LaunchScreen.storyboard */ = {
			isa = PBXVariantGroup;
			children = (
				AF942E2525912C0B00CE7010 /* Base */,
			);
			name = LaunchScreen.storyboard;
			sourceTree = "<group>";
		};
/* End PBXVariantGroup section */

/* Begin XCBuildConfiguration section */
		AF0F672125D3503300680D11 /* Debug */ = {
			isa = XCBuildConfiguration;
			buildSettings = {
				CODE_SIGN_STYLE = Automatic;
				CURRENT_PROJECT_VERSION = 1;
				DEFINES_MODULE = YES;
				DEVELOPMENT_TEAM = 9R83SQPBMD;
				DYLIB_COMPATIBILITY_VERSION = 1;
				DYLIB_CURRENT_VERSION = 1;
				DYLIB_INSTALL_NAME_BASE = "@rpath";
				INFOPLIST_FILE = iOSPokedexDomain/Info.plist;
				INSTALL_PATH = "$(LOCAL_LIBRARY_DIR)/Frameworks";
				IPHONEOS_DEPLOYMENT_TARGET = 14.4;
				LD_RUNPATH_SEARCH_PATHS = (
					"$(inherited)",
					"@executable_path/Frameworks",
					"@loader_path/Frameworks",
				);
				PRODUCT_BUNDLE_IDENTIFIER = com.imthiago.iOSPokedexDomain;
				PRODUCT_NAME = "$(TARGET_NAME:c99extidentifier)";
				SKIP_INSTALL = YES;
				SUPPORTED_PLATFORMS = "iphonesimulator macosx iphoneos";
				SWIFT_VERSION = 5.0;
				TARGETED_DEVICE_FAMILY = "1,2";
				VERSIONING_SYSTEM = "apple-generic";
				VERSION_INFO_PREFIX = "";
			};
			name = Debug;
		};
		AF0F672225D3503300680D11 /* Release */ = {
			isa = XCBuildConfiguration;
			buildSettings = {
				CODE_SIGN_STYLE = Automatic;
				CURRENT_PROJECT_VERSION = 1;
				DEFINES_MODULE = YES;
				DEVELOPMENT_TEAM = 9R83SQPBMD;
				DYLIB_COMPATIBILITY_VERSION = 1;
				DYLIB_CURRENT_VERSION = 1;
				DYLIB_INSTALL_NAME_BASE = "@rpath";
				INFOPLIST_FILE = iOSPokedexDomain/Info.plist;
				INSTALL_PATH = "$(LOCAL_LIBRARY_DIR)/Frameworks";
				IPHONEOS_DEPLOYMENT_TARGET = 14.4;
				LD_RUNPATH_SEARCH_PATHS = (
					"$(inherited)",
					"@executable_path/Frameworks",
					"@loader_path/Frameworks",
				);
				PRODUCT_BUNDLE_IDENTIFIER = com.imthiago.iOSPokedexDomain;
				PRODUCT_NAME = "$(TARGET_NAME:c99extidentifier)";
				SKIP_INSTALL = YES;
				SUPPORTED_PLATFORMS = "iphonesimulator macosx iphoneos";
				SWIFT_VERSION = 5.0;
				TARGETED_DEVICE_FAMILY = "1,2";
				VERSIONING_SYSTEM = "apple-generic";
				VERSION_INFO_PREFIX = "";
			};
			name = Release;
		};
		AF0F672325D3503300680D11 /* Debug */ = {
			isa = XCBuildConfiguration;
			buildSettings = {
				ALWAYS_EMBED_SWIFT_STANDARD_LIBRARIES = YES;
				CODE_SIGN_STYLE = Automatic;
				DEVELOPMENT_TEAM = 9R83SQPBMD;
				INFOPLIST_FILE = iOSPokedexDomainTests/Info.plist;
				IPHONEOS_DEPLOYMENT_TARGET = 14.4;
				LD_RUNPATH_SEARCH_PATHS = (
					"$(inherited)",
					"@executable_path/Frameworks",
					"@loader_path/Frameworks",
				);
				PRODUCT_BUNDLE_IDENTIFIER = com.imthiago.iOSPokedexDomainTests;
				PRODUCT_NAME = "$(TARGET_NAME)";
				SUPPORTED_PLATFORMS = "iphonesimulator iphoneos macosx";
				SWIFT_VERSION = 5.0;
				TARGETED_DEVICE_FAMILY = "1,2";
				TEST_HOST = "$(BUILT_PRODUCTS_DIR)/iOSPokedex.app/iOSPokedex";
			};
			name = Debug;
		};
		AF0F672425D3503300680D11 /* Release */ = {
			isa = XCBuildConfiguration;
			buildSettings = {
				ALWAYS_EMBED_SWIFT_STANDARD_LIBRARIES = YES;
				CODE_SIGN_STYLE = Automatic;
				DEVELOPMENT_TEAM = 9R83SQPBMD;
				INFOPLIST_FILE = iOSPokedexDomainTests/Info.plist;
				IPHONEOS_DEPLOYMENT_TARGET = 14.4;
				LD_RUNPATH_SEARCH_PATHS = (
					"$(inherited)",
					"@executable_path/Frameworks",
					"@loader_path/Frameworks",
				);
				PRODUCT_BUNDLE_IDENTIFIER = com.imthiago.iOSPokedexDomainTests;
				PRODUCT_NAME = "$(TARGET_NAME)";
				SUPPORTED_PLATFORMS = "iphonesimulator iphoneos macosx";
				SWIFT_VERSION = 5.0;
				TARGETED_DEVICE_FAMILY = "1,2";
				TEST_HOST = "$(BUILT_PRODUCTS_DIR)/iOSPokedex.app/iOSPokedex";
			};
			name = Release;
		};
		AF7495CB25D3526000DAA761 /* Debug */ = {
			isa = XCBuildConfiguration;
			buildSettings = {
				CODE_SIGN_STYLE = Automatic;
				CURRENT_PROJECT_VERSION = 1;
				DEFINES_MODULE = YES;
				DEVELOPMENT_TEAM = 9R83SQPBMD;
				DYLIB_COMPATIBILITY_VERSION = 1;
				DYLIB_CURRENT_VERSION = 1;
				DYLIB_INSTALL_NAME_BASE = "@rpath";
				INFOPLIST_FILE = iOSPokedexInfrastructure/Info.plist;
				INSTALL_PATH = "$(LOCAL_LIBRARY_DIR)/Frameworks";
				IPHONEOS_DEPLOYMENT_TARGET = 14.4;
				LD_RUNPATH_SEARCH_PATHS = (
					"$(inherited)",
					"@executable_path/Frameworks",
					"@loader_path/Frameworks",
				);
				PRODUCT_BUNDLE_IDENTIFIER = com.imthiago.iOSPokedexInfrastructure;
				PRODUCT_NAME = "$(TARGET_NAME:c99extidentifier)";
				SKIP_INSTALL = YES;
				SUPPORTED_PLATFORMS = "iphonesimulator iphoneos macosx";
				SWIFT_VERSION = 5.0;
				TARGETED_DEVICE_FAMILY = "1,2";
				VERSIONING_SYSTEM = "apple-generic";
				VERSION_INFO_PREFIX = "";
			};
			name = Debug;
		};
		AF7495CC25D3526000DAA761 /* Release */ = {
			isa = XCBuildConfiguration;
			buildSettings = {
				CODE_SIGN_STYLE = Automatic;
				CURRENT_PROJECT_VERSION = 1;
				DEFINES_MODULE = YES;
				DEVELOPMENT_TEAM = 9R83SQPBMD;
				DYLIB_COMPATIBILITY_VERSION = 1;
				DYLIB_CURRENT_VERSION = 1;
				DYLIB_INSTALL_NAME_BASE = "@rpath";
				INFOPLIST_FILE = iOSPokedexInfrastructure/Info.plist;
				INSTALL_PATH = "$(LOCAL_LIBRARY_DIR)/Frameworks";
				IPHONEOS_DEPLOYMENT_TARGET = 14.4;
				LD_RUNPATH_SEARCH_PATHS = (
					"$(inherited)",
					"@executable_path/Frameworks",
					"@loader_path/Frameworks",
				);
				PRODUCT_BUNDLE_IDENTIFIER = com.imthiago.iOSPokedexInfrastructure;
				PRODUCT_NAME = "$(TARGET_NAME:c99extidentifier)";
				SKIP_INSTALL = YES;
				SUPPORTED_PLATFORMS = "iphonesimulator iphoneos macosx";
				SWIFT_VERSION = 5.0;
				TARGETED_DEVICE_FAMILY = "1,2";
				VERSIONING_SYSTEM = "apple-generic";
				VERSION_INFO_PREFIX = "";
			};
			name = Release;
		};
		AF7495CD25D3526000DAA761 /* Debug */ = {
			isa = XCBuildConfiguration;
			buildSettings = {
				ALWAYS_EMBED_SWIFT_STANDARD_LIBRARIES = YES;
				CODE_SIGN_STYLE = Automatic;
				DEVELOPMENT_TEAM = 9R83SQPBMD;
				INFOPLIST_FILE = iOSPokedexInfrastructureTests/Info.plist;
				IPHONEOS_DEPLOYMENT_TARGET = 14.4;
				LD_RUNPATH_SEARCH_PATHS = (
					"$(inherited)",
					"@executable_path/Frameworks",
					"@loader_path/Frameworks",
				);
				PRODUCT_BUNDLE_IDENTIFIER = com.imthiago.iOSPokedexInfrastructureTests;
				PRODUCT_NAME = "$(TARGET_NAME)";
				SUPPORTED_PLATFORMS = "iphonesimulator iphoneos macosx";
				SWIFT_VERSION = 5.0;
				TARGETED_DEVICE_FAMILY = "1,2";
				TEST_HOST = "$(BUILT_PRODUCTS_DIR)/iOSPokedex.app/iOSPokedex";
			};
			name = Debug;
		};
		AF7495CE25D3526000DAA761 /* Release */ = {
			isa = XCBuildConfiguration;
			buildSettings = {
				ALWAYS_EMBED_SWIFT_STANDARD_LIBRARIES = YES;
				CODE_SIGN_STYLE = Automatic;
				DEVELOPMENT_TEAM = 9R83SQPBMD;
				INFOPLIST_FILE = iOSPokedexInfrastructureTests/Info.plist;
				IPHONEOS_DEPLOYMENT_TARGET = 14.4;
				LD_RUNPATH_SEARCH_PATHS = (
					"$(inherited)",
					"@executable_path/Frameworks",
					"@loader_path/Frameworks",
				);
				PRODUCT_BUNDLE_IDENTIFIER = com.imthiago.iOSPokedexInfrastructureTests;
				PRODUCT_NAME = "$(TARGET_NAME)";
				SUPPORTED_PLATFORMS = "iphonesimulator iphoneos macosx";
				SWIFT_VERSION = 5.0;
				TARGETED_DEVICE_FAMILY = "1,2";
				TEST_HOST = "$(BUILT_PRODUCTS_DIR)/iOSPokedex.app/iOSPokedex";
			};
			name = Release;
		};
		AF7495FA25D3530D00DAA761 /* Debug */ = {
			isa = XCBuildConfiguration;
			buildSettings = {
				CODE_SIGN_STYLE = Automatic;
				CURRENT_PROJECT_VERSION = 1;
				DEFINES_MODULE = YES;
				DEVELOPMENT_TEAM = 9R83SQPBMD;
				DYLIB_COMPATIBILITY_VERSION = 1;
				DYLIB_CURRENT_VERSION = 1;
				DYLIB_INSTALL_NAME_BASE = "@rpath";
				INFOPLIST_FILE = iOSPokedexApplication/Info.plist;
				INSTALL_PATH = "$(LOCAL_LIBRARY_DIR)/Frameworks";
				IPHONEOS_DEPLOYMENT_TARGET = 14.4;
				LD_RUNPATH_SEARCH_PATHS = (
					"$(inherited)",
					"@executable_path/Frameworks",
					"@loader_path/Frameworks",
				);
				PRODUCT_BUNDLE_IDENTIFIER = com.imthiago.iOSPokedexApplication;
				PRODUCT_NAME = "$(TARGET_NAME:c99extidentifier)";
				SKIP_INSTALL = YES;
				SUPPORTED_PLATFORMS = "iphonesimulator iphoneos macosx";
				SWIFT_VERSION = 5.0;
				TARGETED_DEVICE_FAMILY = "1,2";
				VERSIONING_SYSTEM = "apple-generic";
				VERSION_INFO_PREFIX = "";
			};
			name = Debug;
		};
		AF7495FB25D3530D00DAA761 /* Release */ = {
			isa = XCBuildConfiguration;
			buildSettings = {
				CODE_SIGN_STYLE = Automatic;
				CURRENT_PROJECT_VERSION = 1;
				DEFINES_MODULE = YES;
				DEVELOPMENT_TEAM = 9R83SQPBMD;
				DYLIB_COMPATIBILITY_VERSION = 1;
				DYLIB_CURRENT_VERSION = 1;
				DYLIB_INSTALL_NAME_BASE = "@rpath";
				INFOPLIST_FILE = iOSPokedexApplication/Info.plist;
				INSTALL_PATH = "$(LOCAL_LIBRARY_DIR)/Frameworks";
				IPHONEOS_DEPLOYMENT_TARGET = 14.4;
				LD_RUNPATH_SEARCH_PATHS = (
					"$(inherited)",
					"@executable_path/Frameworks",
					"@loader_path/Frameworks",
				);
				PRODUCT_BUNDLE_IDENTIFIER = com.imthiago.iOSPokedexApplication;
				PRODUCT_NAME = "$(TARGET_NAME:c99extidentifier)";
				SKIP_INSTALL = YES;
				SUPPORTED_PLATFORMS = "iphonesimulator iphoneos macosx";
				SWIFT_VERSION = 5.0;
				TARGETED_DEVICE_FAMILY = "1,2";
				VERSIONING_SYSTEM = "apple-generic";
				VERSION_INFO_PREFIX = "";
			};
			name = Release;
		};
		AF7495FD25D3530D00DAA761 /* Debug */ = {
			isa = XCBuildConfiguration;
			buildSettings = {
				ALWAYS_EMBED_SWIFT_STANDARD_LIBRARIES = YES;
				CODE_SIGN_STYLE = Automatic;
				DEVELOPMENT_TEAM = 9R83SQPBMD;
				INFOPLIST_FILE = iOSPokedexApplicationTests/Info.plist;
				IPHONEOS_DEPLOYMENT_TARGET = 14.4;
				LD_RUNPATH_SEARCH_PATHS = (
					"$(inherited)",
					"@executable_path/Frameworks",
					"@loader_path/Frameworks",
				);
				PRODUCT_BUNDLE_IDENTIFIER = com.imthiago.iOSPokedexApplicationTests;
				PRODUCT_NAME = "$(TARGET_NAME)";
				SUPPORTED_PLATFORMS = "iphonesimulator iphoneos macosx";
				SWIFT_VERSION = 5.0;
				TARGETED_DEVICE_FAMILY = "1,2";
				TEST_HOST = "$(BUILT_PRODUCTS_DIR)/iOSPokedex.app/iOSPokedex";
			};
			name = Debug;
		};
		AF7495FE25D3530D00DAA761 /* Release */ = {
			isa = XCBuildConfiguration;
			buildSettings = {
				ALWAYS_EMBED_SWIFT_STANDARD_LIBRARIES = YES;
				CODE_SIGN_STYLE = Automatic;
				DEVELOPMENT_TEAM = 9R83SQPBMD;
				INFOPLIST_FILE = iOSPokedexApplicationTests/Info.plist;
				IPHONEOS_DEPLOYMENT_TARGET = 14.4;
				LD_RUNPATH_SEARCH_PATHS = (
					"$(inherited)",
					"@executable_path/Frameworks",
					"@loader_path/Frameworks",
				);
				PRODUCT_BUNDLE_IDENTIFIER = com.imthiago.iOSPokedexApplicationTests;
				PRODUCT_NAME = "$(TARGET_NAME)";
				SUPPORTED_PLATFORMS = "iphonesimulator iphoneos macosx";
				SWIFT_VERSION = 5.0;
				TARGETED_DEVICE_FAMILY = "1,2";
				TEST_HOST = "$(BUILT_PRODUCTS_DIR)/iOSPokedex.app/iOSPokedex";
			};
			name = Release;
		};
		AF942E2825912C0B00CE7010 /* Debug */ = {
			isa = XCBuildConfiguration;
			buildSettings = {
				ALWAYS_SEARCH_USER_PATHS = NO;
				CLANG_ANALYZER_NONNULL = YES;
				CLANG_ANALYZER_NUMBER_OBJECT_CONVERSION = YES_AGGRESSIVE;
				CLANG_CXX_LANGUAGE_STANDARD = "gnu++14";
				CLANG_CXX_LIBRARY = "libc++";
				CLANG_ENABLE_MODULES = YES;
				CLANG_ENABLE_OBJC_ARC = YES;
				CLANG_ENABLE_OBJC_WEAK = YES;
				CLANG_WARN_BLOCK_CAPTURE_AUTORELEASING = YES;
				CLANG_WARN_BOOL_CONVERSION = YES;
				CLANG_WARN_COMMA = YES;
				CLANG_WARN_CONSTANT_CONVERSION = YES;
				CLANG_WARN_DEPRECATED_OBJC_IMPLEMENTATIONS = YES;
				CLANG_WARN_DIRECT_OBJC_ISA_USAGE = YES_ERROR;
				CLANG_WARN_DOCUMENTATION_COMMENTS = YES;
				CLANG_WARN_EMPTY_BODY = YES;
				CLANG_WARN_ENUM_CONVERSION = YES;
				CLANG_WARN_INFINITE_RECURSION = YES;
				CLANG_WARN_INT_CONVERSION = YES;
				CLANG_WARN_NON_LITERAL_NULL_CONVERSION = YES;
				CLANG_WARN_OBJC_IMPLICIT_RETAIN_SELF = YES;
				CLANG_WARN_OBJC_LITERAL_CONVERSION = YES;
				CLANG_WARN_OBJC_ROOT_CLASS = YES_ERROR;
				CLANG_WARN_QUOTED_INCLUDE_IN_FRAMEWORK_HEADER = YES;
				CLANG_WARN_RANGE_LOOP_ANALYSIS = YES;
				CLANG_WARN_STRICT_PROTOTYPES = YES;
				CLANG_WARN_SUSPICIOUS_MOVE = YES;
				CLANG_WARN_UNGUARDED_AVAILABILITY = YES_AGGRESSIVE;
				CLANG_WARN_UNREACHABLE_CODE = YES;
				CLANG_WARN__DUPLICATE_METHOD_MATCH = YES;
				COPY_PHASE_STRIP = NO;
				DEBUG_INFORMATION_FORMAT = dwarf;
				ENABLE_STRICT_OBJC_MSGSEND = YES;
				ENABLE_TESTABILITY = YES;
				GCC_C_LANGUAGE_STANDARD = gnu11;
				GCC_DYNAMIC_NO_PIC = NO;
				GCC_NO_COMMON_BLOCKS = YES;
				GCC_OPTIMIZATION_LEVEL = 0;
				GCC_PREPROCESSOR_DEFINITIONS = (
					"DEBUG=1",
					"$(inherited)",
				);
				GCC_WARN_64_TO_32_BIT_CONVERSION = YES;
				GCC_WARN_ABOUT_RETURN_TYPE = YES_ERROR;
				GCC_WARN_UNDECLARED_SELECTOR = YES;
				GCC_WARN_UNINITIALIZED_AUTOS = YES_AGGRESSIVE;
				GCC_WARN_UNUSED_FUNCTION = YES;
				GCC_WARN_UNUSED_VARIABLE = YES;
				IPHONEOS_DEPLOYMENT_TARGET = 14.3;
				MTL_ENABLE_DEBUG_INFO = INCLUDE_SOURCE;
				MTL_FAST_MATH = YES;
				ONLY_ACTIVE_ARCH = YES;
				SDKROOT = iphoneos;
				SWIFT_ACTIVE_COMPILATION_CONDITIONS = DEBUG;
				SWIFT_OPTIMIZATION_LEVEL = "-Onone";
			};
			name = Debug;
		};
		AF942E2925912C0B00CE7010 /* Release */ = {
			isa = XCBuildConfiguration;
			buildSettings = {
				ALWAYS_SEARCH_USER_PATHS = NO;
				CLANG_ANALYZER_NONNULL = YES;
				CLANG_ANALYZER_NUMBER_OBJECT_CONVERSION = YES_AGGRESSIVE;
				CLANG_CXX_LANGUAGE_STANDARD = "gnu++14";
				CLANG_CXX_LIBRARY = "libc++";
				CLANG_ENABLE_MODULES = YES;
				CLANG_ENABLE_OBJC_ARC = YES;
				CLANG_ENABLE_OBJC_WEAK = YES;
				CLANG_WARN_BLOCK_CAPTURE_AUTORELEASING = YES;
				CLANG_WARN_BOOL_CONVERSION = YES;
				CLANG_WARN_COMMA = YES;
				CLANG_WARN_CONSTANT_CONVERSION = YES;
				CLANG_WARN_DEPRECATED_OBJC_IMPLEMENTATIONS = YES;
				CLANG_WARN_DIRECT_OBJC_ISA_USAGE = YES_ERROR;
				CLANG_WARN_DOCUMENTATION_COMMENTS = YES;
				CLANG_WARN_EMPTY_BODY = YES;
				CLANG_WARN_ENUM_CONVERSION = YES;
				CLANG_WARN_INFINITE_RECURSION = YES;
				CLANG_WARN_INT_CONVERSION = YES;
				CLANG_WARN_NON_LITERAL_NULL_CONVERSION = YES;
				CLANG_WARN_OBJC_IMPLICIT_RETAIN_SELF = YES;
				CLANG_WARN_OBJC_LITERAL_CONVERSION = YES;
				CLANG_WARN_OBJC_ROOT_CLASS = YES_ERROR;
				CLANG_WARN_QUOTED_INCLUDE_IN_FRAMEWORK_HEADER = YES;
				CLANG_WARN_RANGE_LOOP_ANALYSIS = YES;
				CLANG_WARN_STRICT_PROTOTYPES = YES;
				CLANG_WARN_SUSPICIOUS_MOVE = YES;
				CLANG_WARN_UNGUARDED_AVAILABILITY = YES_AGGRESSIVE;
				CLANG_WARN_UNREACHABLE_CODE = YES;
				CLANG_WARN__DUPLICATE_METHOD_MATCH = YES;
				COPY_PHASE_STRIP = NO;
				DEBUG_INFORMATION_FORMAT = "dwarf-with-dsym";
				ENABLE_NS_ASSERTIONS = NO;
				ENABLE_STRICT_OBJC_MSGSEND = YES;
				GCC_C_LANGUAGE_STANDARD = gnu11;
				GCC_NO_COMMON_BLOCKS = YES;
				GCC_WARN_64_TO_32_BIT_CONVERSION = YES;
				GCC_WARN_ABOUT_RETURN_TYPE = YES_ERROR;
				GCC_WARN_UNDECLARED_SELECTOR = YES;
				GCC_WARN_UNINITIALIZED_AUTOS = YES_AGGRESSIVE;
				GCC_WARN_UNUSED_FUNCTION = YES;
				GCC_WARN_UNUSED_VARIABLE = YES;
				IPHONEOS_DEPLOYMENT_TARGET = 14.3;
				MTL_ENABLE_DEBUG_INFO = NO;
				MTL_FAST_MATH = YES;
				SDKROOT = iphoneos;
				SWIFT_COMPILATION_MODE = wholemodule;
				SWIFT_OPTIMIZATION_LEVEL = "-O";
				VALIDATE_PRODUCT = YES;
			};
			name = Release;
		};
		AF942E2B25912C0B00CE7010 /* Debug */ = {
			isa = XCBuildConfiguration;
			baseConfigurationReference = AE0E0CAEE21273CEB07BEDCC /* Pods-iOSPokedex.debug.xcconfig */;
			buildSettings = {
				ASSETCATALOG_COMPILER_APPICON_NAME = AppIcon;
				ASSETCATALOG_COMPILER_GLOBAL_ACCENT_COLOR_NAME = AccentColor;
				CODE_SIGN_STYLE = Automatic;
				DEVELOPMENT_TEAM = 9R83SQPBMD;
				INFOPLIST_FILE = iOSPokedex/Info.plist;
				LD_RUNPATH_SEARCH_PATHS = (
					"$(inherited)",
					"@executable_path/Frameworks",
				);
				PRODUCT_BUNDLE_IDENTIFIER = com.imthiago.iOSPokedex;
				PRODUCT_NAME = "$(TARGET_NAME)";
				SWIFT_VERSION = 5.0;
				TARGETED_DEVICE_FAMILY = 1;
			};
			name = Debug;
		};
		AF942E2C25912C0B00CE7010 /* Release */ = {
			isa = XCBuildConfiguration;
			baseConfigurationReference = 7213635F7CE89D8B9482DAB0 /* Pods-iOSPokedex.release.xcconfig */;
			buildSettings = {
				ASSETCATALOG_COMPILER_APPICON_NAME = AppIcon;
				ASSETCATALOG_COMPILER_GLOBAL_ACCENT_COLOR_NAME = AccentColor;
				CODE_SIGN_STYLE = Automatic;
				DEVELOPMENT_TEAM = 9R83SQPBMD;
				INFOPLIST_FILE = iOSPokedex/Info.plist;
				LD_RUNPATH_SEARCH_PATHS = (
					"$(inherited)",
					"@executable_path/Frameworks",
				);
				PRODUCT_BUNDLE_IDENTIFIER = com.imthiago.iOSPokedex;
				PRODUCT_NAME = "$(TARGET_NAME)";
				SWIFT_VERSION = 5.0;
				TARGETED_DEVICE_FAMILY = 1;
			};
			name = Release;
		};
/* End XCBuildConfiguration section */

/* Begin XCConfigurationList section */
		AF0F672525D3503300680D11 /* Build configuration list for PBXNativeTarget "iOSPokedexDomain" */ = {
			isa = XCConfigurationList;
			buildConfigurations = (
				AF0F672125D3503300680D11 /* Debug */,
				AF0F672225D3503300680D11 /* Release */,
			);
			defaultConfigurationIsVisible = 0;
			defaultConfigurationName = Release;
		};
		AF0F672625D3503300680D11 /* Build configuration list for PBXNativeTarget "iOSPokedexDomainTests" */ = {
			isa = XCConfigurationList;
			buildConfigurations = (
				AF0F672325D3503300680D11 /* Debug */,
				AF0F672425D3503300680D11 /* Release */,
			);
			defaultConfigurationIsVisible = 0;
			defaultConfigurationName = Release;
		};
		AF7495CF25D3526000DAA761 /* Build configuration list for PBXNativeTarget "iOSPokedexInfrastructure" */ = {
			isa = XCConfigurationList;
			buildConfigurations = (
				AF7495CB25D3526000DAA761 /* Debug */,
				AF7495CC25D3526000DAA761 /* Release */,
			);
			defaultConfigurationIsVisible = 0;
			defaultConfigurationName = Release;
		};
		AF7495D025D3526000DAA761 /* Build configuration list for PBXNativeTarget "iOSPokedexInfrastructureTests" */ = {
			isa = XCConfigurationList;
			buildConfigurations = (
				AF7495CD25D3526000DAA761 /* Debug */,
				AF7495CE25D3526000DAA761 /* Release */,
			);
			defaultConfigurationIsVisible = 0;
			defaultConfigurationName = Release;
		};
		AF7495F925D3530D00DAA761 /* Build configuration list for PBXNativeTarget "iOSPokedexApplication" */ = {
			isa = XCConfigurationList;
			buildConfigurations = (
				AF7495FA25D3530D00DAA761 /* Debug */,
				AF7495FB25D3530D00DAA761 /* Release */,
			);
			defaultConfigurationIsVisible = 0;
			defaultConfigurationName = Release;
		};
		AF7495FC25D3530D00DAA761 /* Build configuration list for PBXNativeTarget "iOSPokedexApplicationTests" */ = {
			isa = XCConfigurationList;
			buildConfigurations = (
				AF7495FD25D3530D00DAA761 /* Debug */,
				AF7495FE25D3530D00DAA761 /* Release */,
			);
			defaultConfigurationIsVisible = 0;
			defaultConfigurationName = Release;
		};
		AF942E1125912C0A00CE7010 /* Build configuration list for PBXProject "iOSPokedex" */ = {
			isa = XCConfigurationList;
			buildConfigurations = (
				AF942E2825912C0B00CE7010 /* Debug */,
				AF942E2925912C0B00CE7010 /* Release */,
			);
			defaultConfigurationIsVisible = 0;
			defaultConfigurationName = Release;
		};
		AF942E2A25912C0B00CE7010 /* Build configuration list for PBXNativeTarget "iOSPokedex" */ = {
			isa = XCConfigurationList;
			buildConfigurations = (
				AF942E2B25912C0B00CE7010 /* Debug */,
				AF942E2C25912C0B00CE7010 /* Release */,
			);
			defaultConfigurationIsVisible = 0;
			defaultConfigurationName = Release;
		};
/* End XCConfigurationList section */
	};
	rootObject = AF942E0E25912C0A00CE7010 /* Project object */;
}
