// !$*UTF8*$!
{
	archiveVersion = 1;
	classes = {
	};
	objectVersion = 51;
	objects = {

/* Begin PBXBuildFile section */
		4C2DE6AB220806EBB9AEC89C /* Pods_iOSPokedex.framework in Frameworks */ = {isa = PBXBuildFile; fileRef = CE7EEA22FAB922267A6A693E /* Pods_iOSPokedex.framework */; };
		AF3BB98C25C38169002207D9 /* Coordinator.swift in Sources */ = {isa = PBXBuildFile; fileRef = AF3BB98B25C38169002207D9 /* Coordinator.swift */; };
		AF3BB99325C382C6002207D9 /* ViewCodeConfiguration.swift in Sources */ = {isa = PBXBuildFile; fileRef = AF3BB99225C382C6002207D9 /* ViewCodeConfiguration.swift */; };
		AF3BB99825C38333002207D9 /* UIViewController+.swift in Sources */ = {isa = PBXBuildFile; fileRef = AF3BB99725C38333002207D9 /* UIViewController+.swift */; };
		AF3BB9A025C3A07F002207D9 /* HomeViewController.swift in Sources */ = {isa = PBXBuildFile; fileRef = AF3BB99F25C3A07F002207D9 /* HomeViewController.swift */; };
		AF3BB9A825C3A74E002207D9 /* 22892-pikachu.json in Resources */ = {isa = PBXBuildFile; fileRef = AF3BB9A725C3A74E002207D9 /* 22892-pikachu.json */; };
		AF4481B225C64DE300997544 /* PokemonCell.swift in Sources */ = {isa = PBXBuildFile; fileRef = AF4481B125C64DE300997544 /* PokemonCell.swift */; };
		AF4481B925C6578300997544 /* Pokemon.swift in Sources */ = {isa = PBXBuildFile; fileRef = AF4481B825C6578300997544 /* Pokemon.swift */; };
		AF4481BB25C657BF00997544 /* Model.swift in Sources */ = {isa = PBXBuildFile; fileRef = AF4481BA25C657BF00997544 /* Model.swift */; };
		AF942E1A25912C0A00CE7010 /* AppDelegate.swift in Sources */ = {isa = PBXBuildFile; fileRef = AF942E1925912C0A00CE7010 /* AppDelegate.swift */; };
		AF942E1E25912C0A00CE7010 /* LaunchScreenViewController.swift in Sources */ = {isa = PBXBuildFile; fileRef = AF942E1D25912C0A00CE7010 /* LaunchScreenViewController.swift */; };
		AF942E2325912C0B00CE7010 /* Assets.xcassets in Resources */ = {isa = PBXBuildFile; fileRef = AF942E2225912C0B00CE7010 /* Assets.xcassets */; };
		AF942E2625912C0B00CE7010 /* LaunchScreen.storyboard in Resources */ = {isa = PBXBuildFile; fileRef = AF942E2425912C0B00CE7010 /* LaunchScreen.storyboard */; };
/* End PBXBuildFile section */

/* Begin PBXCopyFilesBuildPhase section */
		AF3BB9D325C3B406002207D9 /* Embed Frameworks */ = {
			isa = PBXCopyFilesBuildPhase;
			buildActionMask = 2147483647;
			dstPath = "";
			dstSubfolderSpec = 10;
			files = (
			);
			name = "Embed Frameworks";
			runOnlyForDeploymentPostprocessing = 0;
		};
/* End PBXCopyFilesBuildPhase section */

/* Begin PBXFileReference section */
		7213635F7CE89D8B9482DAB0 /* Pods-iOSPokedex.release.xcconfig */ = {isa = PBXFileReference; includeInIndex = 1; lastKnownFileType = text.xcconfig; name = "Pods-iOSPokedex.release.xcconfig"; path = "Target Support Files/Pods-iOSPokedex/Pods-iOSPokedex.release.xcconfig"; sourceTree = "<group>"; };
		AE0E0CAEE21273CEB07BEDCC /* Pods-iOSPokedex.debug.xcconfig */ = {isa = PBXFileReference; includeInIndex = 1; lastKnownFileType = text.xcconfig; name = "Pods-iOSPokedex.debug.xcconfig"; path = "Target Support Files/Pods-iOSPokedex/Pods-iOSPokedex.debug.xcconfig"; sourceTree = "<group>"; };
		AF3BB98B25C38169002207D9 /* Coordinator.swift */ = {isa = PBXFileReference; lastKnownFileType = sourcecode.swift; path = Coordinator.swift; sourceTree = "<group>"; };
		AF3BB99225C382C6002207D9 /* ViewCodeConfiguration.swift */ = {isa = PBXFileReference; lastKnownFileType = sourcecode.swift; path = ViewCodeConfiguration.swift; sourceTree = "<group>"; };
		AF3BB99725C38333002207D9 /* UIViewController+.swift */ = {isa = PBXFileReference; lastKnownFileType = sourcecode.swift; path = "UIViewController+.swift"; sourceTree = "<group>"; };
		AF3BB99F25C3A07F002207D9 /* HomeViewController.swift */ = {isa = PBXFileReference; lastKnownFileType = sourcecode.swift; path = HomeViewController.swift; sourceTree = "<group>"; };
		AF3BB9A725C3A74E002207D9 /* 22892-pikachu.json */ = {isa = PBXFileReference; fileEncoding = 4; lastKnownFileType = text.json; path = "22892-pikachu.json"; sourceTree = "<group>"; };
		AF4481B125C64DE300997544 /* PokemonCell.swift */ = {isa = PBXFileReference; lastKnownFileType = sourcecode.swift; path = PokemonCell.swift; sourceTree = "<group>"; };
		AF4481B825C6578300997544 /* Pokemon.swift */ = {isa = PBXFileReference; lastKnownFileType = sourcecode.swift; path = Pokemon.swift; sourceTree = "<group>"; };
		AF4481BA25C657BF00997544 /* Model.swift */ = {isa = PBXFileReference; lastKnownFileType = sourcecode.swift; path = Model.swift; sourceTree = "<group>"; };
		AF942E1625912C0A00CE7010 /* iOSPokedex.app */ = {isa = PBXFileReference; explicitFileType = wrapper.application; includeInIndex = 0; path = iOSPokedex.app; sourceTree = BUILT_PRODUCTS_DIR; };
		AF942E1925912C0A00CE7010 /* AppDelegate.swift */ = {isa = PBXFileReference; lastKnownFileType = sourcecode.swift; path = AppDelegate.swift; sourceTree = "<group>"; };
		AF942E1D25912C0A00CE7010 /* LaunchScreenViewController.swift */ = {isa = PBXFileReference; lastKnownFileType = sourcecode.swift; path = LaunchScreenViewController.swift; sourceTree = "<group>"; };
		AF942E2225912C0B00CE7010 /* Assets.xcassets */ = {isa = PBXFileReference; lastKnownFileType = folder.assetcatalog; path = Assets.xcassets; sourceTree = "<group>"; };
		AF942E2525912C0B00CE7010 /* Base */ = {isa = PBXFileReference; lastKnownFileType = file.storyboard; name = Base; path = Base.lproj/LaunchScreen.storyboard; sourceTree = "<group>"; };
		AF942E2725912C0B00CE7010 /* Info.plist */ = {isa = PBXFileReference; lastKnownFileType = text.plist.xml; path = Info.plist; sourceTree = "<group>"; };
		CE7EEA22FAB922267A6A693E /* Pods_iOSPokedex.framework */ = {isa = PBXFileReference; explicitFileType = wrapper.framework; includeInIndex = 0; path = Pods_iOSPokedex.framework; sourceTree = BUILT_PRODUCTS_DIR; };
/* End PBXFileReference section */

/* Begin PBXFrameworksBuildPhase section */
		AF942E1325912C0A00CE7010 /* Frameworks */ = {
			isa = PBXFrameworksBuildPhase;
			buildActionMask = 2147483647;
			files = (
				4C2DE6AB220806EBB9AEC89C /* Pods_iOSPokedex.framework in Frameworks */,
			);
			runOnlyForDeploymentPostprocessing = 0;
		};
/* End PBXFrameworksBuildPhase section */

/* Begin PBXGroup section */
		6667C199BC5C3D132A495815 /* Pods */ = {
			isa = PBXGroup;
			children = (
				AE0E0CAEE21273CEB07BEDCC /* Pods-iOSPokedex.debug.xcconfig */,
				7213635F7CE89D8B9482DAB0 /* Pods-iOSPokedex.release.xcconfig */,
			);
			path = Pods;
			sourceTree = "<group>";
		};
		A468E1AC32602D16A9D47707 /* Frameworks */ = {
			isa = PBXGroup;
			children = (
				CE7EEA22FAB922267A6A693E /* Pods_iOSPokedex.framework */,
			);
			name = Frameworks;
			sourceTree = "<group>";
		};
		AF3BB98725C380BE002207D9 /* Resources */ = {
			isa = PBXGroup;
			children = (
				AF942E1925912C0A00CE7010 /* AppDelegate.swift */,
				AF942E2225912C0B00CE7010 /* Assets.xcassets */,
				AF942E2425912C0B00CE7010 /* LaunchScreen.storyboard */,
				AF942E1D25912C0A00CE7010 /* LaunchScreenViewController.swift */,
				AF3BB9A725C3A74E002207D9 /* 22892-pikachu.json */,
				AF942E2725912C0B00CE7010 /* Info.plist */,
			);
			name = Resources;
			sourceTree = "<group>";
		};
		AF3BB98A25C38151002207D9 /* Coordinator */ = {
			isa = PBXGroup;
			children = (
				AF3BB98B25C38169002207D9 /* Coordinator.swift */,
			);
			name = Coordinator;
			sourceTree = "<group>";
		};
		AF3BB98F25C38226002207D9 /* Model */ = {
			isa = PBXGroup;
			children = (
				AF4481B825C6578300997544 /* Pokemon.swift */,
				AF4481BA25C657BF00997544 /* Model.swift */,
			);
			name = Model;
			sourceTree = "<group>";
		};
		AF3BB99025C3822E002207D9 /* View */ = {
			isa = PBXGroup;
			children = (
				AF3BB99E25C3A075002207D9 /* HomeView */,
				AF3BB99225C382C6002207D9 /* ViewCodeConfiguration.swift */,
			);
			name = View;
			sourceTree = "<group>";
		};
		AF3BB99125C38233002207D9 /* ViewModel */ = {
			isa = PBXGroup;
			children = (
			);
			name = ViewModel;
			sourceTree = "<group>";
		};
		AF3BB99625C38300002207D9 /* Extensions */ = {
			isa = PBXGroup;
			children = (
				AF3BB99725C38333002207D9 /* UIViewController+.swift */,
			);
			name = Extensions;
			sourceTree = "<group>";
		};
		AF3BB99E25C3A075002207D9 /* HomeView */ = {
			isa = PBXGroup;
			children = (
				AF3BB99F25C3A07F002207D9 /* HomeViewController.swift */,
				AF4481B125C64DE300997544 /* PokemonCell.swift */,
			);
			name = HomeView;
			sourceTree = "<group>";
		};
		AF942E0D25912C0A00CE7010 = {
			isa = PBXGroup;
			children = (
				AF942E1825912C0A00CE7010 /* iOSPokedex */,
				AF942E1725912C0A00CE7010 /* Products */,
				6667C199BC5C3D132A495815 /* Pods */,
				A468E1AC32602D16A9D47707 /* Frameworks */,
			);
			sourceTree = "<group>";
		};
		AF942E1725912C0A00CE7010 /* Products */ = {
			isa = PBXGroup;
			children = (
				AF942E1625912C0A00CE7010 /* iOSPokedex.app */,
			);
			name = Products;
			sourceTree = "<group>";
		};
		AF942E1825912C0A00CE7010 /* iOSPokedex */ = {
			isa = PBXGroup;
			children = (
				AF3BB99125C38233002207D9 /* ViewModel */,
				AF3BB99025C3822E002207D9 /* View */,
				AF3BB98F25C38226002207D9 /* Model */,
				AF3BB99625C38300002207D9 /* Extensions */,
				AF3BB98A25C38151002207D9 /* Coordinator */,
				AF3BB98725C380BE002207D9 /* Resources */,
			);
			path = iOSPokedex;
			sourceTree = "<group>";
		};
/* End PBXGroup section */

/* Begin PBXNativeTarget section */
		AF942E1525912C0A00CE7010 /* iOSPokedex */ = {
			isa = PBXNativeTarget;
			buildConfigurationList = AF942E2A25912C0B00CE7010 /* Build configuration list for PBXNativeTarget "iOSPokedex" */;
			buildPhases = (
				C423C1BE0E9396679A73F4D7 /* [CP] Check Pods Manifest.lock */,
				AF942E1225912C0A00CE7010 /* Sources */,
				AF942E1325912C0A00CE7010 /* Frameworks */,
				AF942E1425912C0A00CE7010 /* Resources */,
				AFB0EF8D25C37F3A00CA6196 /* ShellScript */,
				F7377EBA657C1CB5F3E22AB8 /* [CP] Embed Pods Frameworks */,
				AF3BB9D325C3B406002207D9 /* Embed Frameworks */,
			);
			buildRules = (
			);
			dependencies = (
			);
			name = iOSPokedex;
			productName = iOSPokedex;
			productReference = AF942E1625912C0A00CE7010 /* iOSPokedex.app */;
			productType = "com.apple.product-type.application";
		};
/* End PBXNativeTarget section */

/* Begin PBXProject section */
		AF942E0E25912C0A00CE7010 /* Project object */ = {
			isa = PBXProject;
			attributes = {
				LastSwiftUpdateCheck = 1240;
				LastUpgradeCheck = 1230;
				TargetAttributes = {
					AF942E1525912C0A00CE7010 = {
						CreatedOnToolsVersion = 12.3;
					};
				};
			};
			buildConfigurationList = AF942E1125912C0A00CE7010 /* Build configuration list for PBXProject "iOSPokedex" */;
			compatibilityVersion = "Xcode 9.3";
			developmentRegion = en;
			hasScannedForEncodings = 0;
			knownRegions = (
				en,
				Base,
			);
			mainGroup = AF942E0D25912C0A00CE7010;
			productRefGroup = AF942E1725912C0A00CE7010 /* Products */;
			projectDirPath = "";
			projectRoot = "";
			targets = (
				AF942E1525912C0A00CE7010 /* iOSPokedex */,
			);
		};
/* End PBXProject section */

/* Begin PBXResourcesBuildPhase section */
		AF942E1425912C0A00CE7010 /* Resources */ = {
			isa = PBXResourcesBuildPhase;
			buildActionMask = 2147483647;
			files = (
				AF942E2625912C0B00CE7010 /* LaunchScreen.storyboard in Resources */,
				AF3BB9A825C3A74E002207D9 /* 22892-pikachu.json in Resources */,
				AF942E2325912C0B00CE7010 /* Assets.xcassets in Resources */,
			);
			runOnlyForDeploymentPostprocessing = 0;
		};
/* End PBXResourcesBuildPhase section */

/* Begin PBXShellScriptBuildPhase section */
		AFB0EF8D25C37F3A00CA6196 /* ShellScript */ = {
			isa = PBXShellScriptBuildPhase;
			buildActionMask = 2147483647;
			files = (
			);
			inputFileListPaths = (
			);
			inputPaths = (
			);
			outputFileListPaths = (
			);
			outputPaths = (
			);
			runOnlyForDeploymentPostprocessing = 0;
			shellPath = /bin/sh;
			shellScript = "# Type a script or drag a script file from your workspace to insert its path.\n\"${PODS_ROOT}/SwiftLint/swiftlint\"\n";
		};
		C423C1BE0E9396679A73F4D7 /* [CP] Check Pods Manifest.lock */ = {
			isa = PBXShellScriptBuildPhase;
			buildActionMask = 2147483647;
			files = (
			);
			inputFileListPaths = (
			);
			inputPaths = (
				"${PODS_PODFILE_DIR_PATH}/Podfile.lock",
				"${PODS_ROOT}/Manifest.lock",
			);
			name = "[CP] Check Pods Manifest.lock";
			outputFileListPaths = (
			);
			outputPaths = (
				"$(DERIVED_FILE_DIR)/Pods-iOSPokedex-checkManifestLockResult.txt",
			);
			runOnlyForDeploymentPostprocessing = 0;
			shellPath = /bin/sh;
			shellScript = "diff \"${PODS_PODFILE_DIR_PATH}/Podfile.lock\" \"${PODS_ROOT}/Manifest.lock\" > /dev/null\nif [ $? != 0 ] ; then\n    # print error to STDERR\n    echo \"error: The sandbox is not in sync with the Podfile.lock. Run 'pod install' or update your CocoaPods installation.\" >&2\n    exit 1\nfi\n# This output is used by Xcode 'outputs' to avoid re-running this script phase.\necho \"SUCCESS\" > \"${SCRIPT_OUTPUT_FILE_0}\"\n";
			showEnvVarsInLog = 0;
		};
		F7377EBA657C1CB5F3E22AB8 /* [CP] Embed Pods Frameworks */ = {
			isa = PBXShellScriptBuildPhase;
			buildActionMask = 2147483647;
			files = (
			);
			inputFileListPaths = (
				"${PODS_ROOT}/Target Support Files/Pods-iOSPokedex/Pods-iOSPokedex-frameworks-${CONFIGURATION}-input-files.xcfilelist",
			);
			name = "[CP] Embed Pods Frameworks";
			outputFileListPaths = (
				"${PODS_ROOT}/Target Support Files/Pods-iOSPokedex/Pods-iOSPokedex-frameworks-${CONFIGURATION}-output-files.xcfilelist",
			);
			runOnlyForDeploymentPostprocessing = 0;
			shellPath = /bin/sh;
			shellScript = "\"${PODS_ROOT}/Target Support Files/Pods-iOSPokedex/Pods-iOSPokedex-frameworks.sh\"\n";
			showEnvVarsInLog = 0;
		};
/* End PBXShellScriptBuildPhase section */

/* Begin PBXSourcesBuildPhase section */
		AF942E1225912C0A00CE7010 /* Sources */ = {
			isa = PBXSourcesBuildPhase;
			buildActionMask = 2147483647;
			files = (
				AF4481BB25C657BF00997544 /* Model.swift in Sources */,
				AF3BB99325C382C6002207D9 /* ViewCodeConfiguration.swift in Sources */,
				AF4481B925C6578300997544 /* Pokemon.swift in Sources */,
				AF942E1E25912C0A00CE7010 /* LaunchScreenViewController.swift in Sources */,
				AF3BB99825C38333002207D9 /* UIViewController+.swift in Sources */,
				AF942E1A25912C0A00CE7010 /* AppDelegate.swift in Sources */,
				AF3BB98C25C38169002207D9 /* Coordinator.swift in Sources */,
				AF4481B225C64DE300997544 /* PokemonCell.swift in Sources */,
				AF3BB9A025C3A07F002207D9 /* HomeViewController.swift in Sources */,
			);
			runOnlyForDeploymentPostprocessing = 0;
		};
/* End PBXSourcesBuildPhase section */

/* Begin PBXVariantGroup section */
		AF942E2425912C0B00CE7010 /* LaunchScreen.storyboard */ = {
			isa = PBXVariantGroup;
			children = (
				AF942E2525912C0B00CE7010 /* Base */,
			);
			name = LaunchScreen.storyboard;
			sourceTree = "<group>";
		};
/* End PBXVariantGroup section */

/* Begin XCBuildConfiguration section */
		AF942E2825912C0B00CE7010 /* Debug */ = {
			isa = XCBuildConfiguration;
			buildSettings = {
				ALWAYS_SEARCH_USER_PATHS = NO;
				CLANG_ANALYZER_NONNULL = YES;
				CLANG_ANALYZER_NUMBER_OBJECT_CONVERSION = YES_AGGRESSIVE;
				CLANG_CXX_LANGUAGE_STANDARD = "gnu++14";
				CLANG_CXX_LIBRARY = "libc++";
				CLANG_ENABLE_MODULES = YES;
				CLANG_ENABLE_OBJC_ARC = YES;
				CLANG_ENABLE_OBJC_WEAK = YES;
				CLANG_WARN_BLOCK_CAPTURE_AUTORELEASING = YES;
				CLANG_WARN_BOOL_CONVERSION = YES;
				CLANG_WARN_COMMA = YES;
				CLANG_WARN_CONSTANT_CONVERSION = YES;
				CLANG_WARN_DEPRECATED_OBJC_IMPLEMENTATIONS = YES;
				CLANG_WARN_DIRECT_OBJC_ISA_USAGE = YES_ERROR;
				CLANG_WARN_DOCUMENTATION_COMMENTS = YES;
				CLANG_WARN_EMPTY_BODY = YES;
				CLANG_WARN_ENUM_CONVERSION = YES;
				CLANG_WARN_INFINITE_RECURSION = YES;
				CLANG_WARN_INT_CONVERSION = YES;
				CLANG_WARN_NON_LITERAL_NULL_CONVERSION = YES;
				CLANG_WARN_OBJC_IMPLICIT_RETAIN_SELF = YES;
				CLANG_WARN_OBJC_LITERAL_CONVERSION = YES;
				CLANG_WARN_OBJC_ROOT_CLASS = YES_ERROR;
				CLANG_WARN_QUOTED_INCLUDE_IN_FRAMEWORK_HEADER = YES;
				CLANG_WARN_RANGE_LOOP_ANALYSIS = YES;
				CLANG_WARN_STRICT_PROTOTYPES = YES;
				CLANG_WARN_SUSPICIOUS_MOVE = YES;
				CLANG_WARN_UNGUARDED_AVAILABILITY = YES_AGGRESSIVE;
				CLANG_WARN_UNREACHABLE_CODE = YES;
				CLANG_WARN__DUPLICATE_METHOD_MATCH = YES;
				COPY_PHASE_STRIP = NO;
				DEBUG_INFORMATION_FORMAT = dwarf;
				ENABLE_STRICT_OBJC_MSGSEND = YES;
				ENABLE_TESTABILITY = YES;
				GCC_C_LANGUAGE_STANDARD = gnu11;
				GCC_DYNAMIC_NO_PIC = NO;
				GCC_NO_COMMON_BLOCKS = YES;
				GCC_OPTIMIZATION_LEVEL = 0;
				GCC_PREPROCESSOR_DEFINITIONS = (
					"DEBUG=1",
					"$(inherited)",
				);
				GCC_WARN_64_TO_32_BIT_CONVERSION = YES;
				GCC_WARN_ABOUT_RETURN_TYPE = YES_ERROR;
				GCC_WARN_UNDECLARED_SELECTOR = YES;
				GCC_WARN_UNINITIALIZED_AUTOS = YES_AGGRESSIVE;
				GCC_WARN_UNUSED_FUNCTION = YES;
				GCC_WARN_UNUSED_VARIABLE = YES;
				IPHONEOS_DEPLOYMENT_TARGET = 14.3;
				MTL_ENABLE_DEBUG_INFO = INCLUDE_SOURCE;
				MTL_FAST_MATH = YES;
				ONLY_ACTIVE_ARCH = YES;
				SDKROOT = iphoneos;
				SWIFT_ACTIVE_COMPILATION_CONDITIONS = DEBUG;
				SWIFT_OPTIMIZATION_LEVEL = "-Onone";
			};
			name = Debug;
		};
		AF942E2925912C0B00CE7010 /* Release */ = {
			isa = XCBuildConfiguration;
			buildSettings = {
				ALWAYS_SEARCH_USER_PATHS = NO;
				CLANG_ANALYZER_NONNULL = YES;
				CLANG_ANALYZER_NUMBER_OBJECT_CONVERSION = YES_AGGRESSIVE;
				CLANG_CXX_LANGUAGE_STANDARD = "gnu++14";
				CLANG_CXX_LIBRARY = "libc++";
				CLANG_ENABLE_MODULES = YES;
				CLANG_ENABLE_OBJC_ARC = YES;
				CLANG_ENABLE_OBJC_WEAK = YES;
				CLANG_WARN_BLOCK_CAPTURE_AUTORELEASING = YES;
				CLANG_WARN_BOOL_CONVERSION = YES;
				CLANG_WARN_COMMA = YES;
				CLANG_WARN_CONSTANT_CONVERSION = YES;
				CLANG_WARN_DEPRECATED_OBJC_IMPLEMENTATIONS = YES;
				CLANG_WARN_DIRECT_OBJC_ISA_USAGE = YES_ERROR;
				CLANG_WARN_DOCUMENTATION_COMMENTS = YES;
				CLANG_WARN_EMPTY_BODY = YES;
				CLANG_WARN_ENUM_CONVERSION = YES;
				CLANG_WARN_INFINITE_RECURSION = YES;
				CLANG_WARN_INT_CONVERSION = YES;
				CLANG_WARN_NON_LITERAL_NULL_CONVERSION = YES;
				CLANG_WARN_OBJC_IMPLICIT_RETAIN_SELF = YES;
				CLANG_WARN_OBJC_LITERAL_CONVERSION = YES;
				CLANG_WARN_OBJC_ROOT_CLASS = YES_ERROR;
				CLANG_WARN_QUOTED_INCLUDE_IN_FRAMEWORK_HEADER = YES;
				CLANG_WARN_RANGE_LOOP_ANALYSIS = YES;
				CLANG_WARN_STRICT_PROTOTYPES = YES;
				CLANG_WARN_SUSPICIOUS_MOVE = YES;
				CLANG_WARN_UNGUARDED_AVAILABILITY = YES_AGGRESSIVE;
				CLANG_WARN_UNREACHABLE_CODE = YES;
				CLANG_WARN__DUPLICATE_METHOD_MATCH = YES;
				COPY_PHASE_STRIP = NO;
				DEBUG_INFORMATION_FORMAT = "dwarf-with-dsym";
				ENABLE_NS_ASSERTIONS = NO;
				ENABLE_STRICT_OBJC_MSGSEND = YES;
				GCC_C_LANGUAGE_STANDARD = gnu11;
				GCC_NO_COMMON_BLOCKS = YES;
				GCC_WARN_64_TO_32_BIT_CONVERSION = YES;
				GCC_WARN_ABOUT_RETURN_TYPE = YES_ERROR;
				GCC_WARN_UNDECLARED_SELECTOR = YES;
				GCC_WARN_UNINITIALIZED_AUTOS = YES_AGGRESSIVE;
				GCC_WARN_UNUSED_FUNCTION = YES;
				GCC_WARN_UNUSED_VARIABLE = YES;
				IPHONEOS_DEPLOYMENT_TARGET = 14.3;
				MTL_ENABLE_DEBUG_INFO = NO;
				MTL_FAST_MATH = YES;
				SDKROOT = iphoneos;
				SWIFT_COMPILATION_MODE = wholemodule;
				SWIFT_OPTIMIZATION_LEVEL = "-O";
				VALIDATE_PRODUCT = YES;
			};
			name = Release;
		};
		AF942E2B25912C0B00CE7010 /* Debug */ = {
			isa = XCBuildConfiguration;
			baseConfigurationReference = AE0E0CAEE21273CEB07BEDCC /* Pods-iOSPokedex.debug.xcconfig */;
			buildSettings = {
				ASSETCATALOG_COMPILER_APPICON_NAME = AppIcon;
				ASSETCATALOG_COMPILER_GLOBAL_ACCENT_COLOR_NAME = AccentColor;
				CODE_SIGN_STYLE = Automatic;
				DEVELOPMENT_TEAM = 9R83SQPBMD;
				INFOPLIST_FILE = iOSPokedex/Info.plist;
				LD_RUNPATH_SEARCH_PATHS = (
					"$(inherited)",
					"@executable_path/Frameworks",
				);
				PRODUCT_BUNDLE_IDENTIFIER = com.imthiago.iOSPokedex;
				PRODUCT_NAME = "$(TARGET_NAME)";
				SWIFT_VERSION = 5.0;
				TARGETED_DEVICE_FAMILY = 1;
			};
			name = Debug;
		};
		AF942E2C25912C0B00CE7010 /* Release */ = {
			isa = XCBuildConfiguration;
			baseConfigurationReference = 7213635F7CE89D8B9482DAB0 /* Pods-iOSPokedex.release.xcconfig */;
			buildSettings = {
				ASSETCATALOG_COMPILER_APPICON_NAME = AppIcon;
				ASSETCATALOG_COMPILER_GLOBAL_ACCENT_COLOR_NAME = AccentColor;
				CODE_SIGN_STYLE = Automatic;
				DEVELOPMENT_TEAM = 9R83SQPBMD;
				INFOPLIST_FILE = iOSPokedex/Info.plist;
				LD_RUNPATH_SEARCH_PATHS = (
					"$(inherited)",
					"@executable_path/Frameworks",
				);
				PRODUCT_BUNDLE_IDENTIFIER = com.imthiago.iOSPokedex;
				PRODUCT_NAME = "$(TARGET_NAME)";
				SWIFT_VERSION = 5.0;
				TARGETED_DEVICE_FAMILY = 1;
			};
			name = Release;
		};
/* End XCBuildConfiguration section */

/* Begin XCConfigurationList section */
		AF942E1125912C0A00CE7010 /* Build configuration list for PBXProject "iOSPokedex" */ = {
			isa = XCConfigurationList;
			buildConfigurations = (
				AF942E2825912C0B00CE7010 /* Debug */,
				AF942E2925912C0B00CE7010 /* Release */,
			);
			defaultConfigurationIsVisible = 0;
			defaultConfigurationName = Release;
		};
		AF942E2A25912C0B00CE7010 /* Build configuration list for PBXNativeTarget "iOSPokedex" */ = {
			isa = XCConfigurationList;
			buildConfigurations = (
				AF942E2B25912C0B00CE7010 /* Debug */,
				AF942E2C25912C0B00CE7010 /* Release */,
			);
			defaultConfigurationIsVisible = 0;
			defaultConfigurationName = Release;
		};
/* End XCConfigurationList section */
	};
	rootObject = AF942E0E25912C0A00CE7010 /* Project object */;
}
